// !$*UTF8*$!
{
	archiveVersion = 1;
	classes = {
	};
	objectVersion = 46;
	objects = {

/* Begin PBXAggregateTarget section */
		723292C51A9623A900850FEC /* Framework */ = {
			isa = PBXAggregateTarget;
			buildConfigurationList = 723292C61A9623AA00850FEC /* Build configuration list for PBXAggregateTarget "Framework" */;
			buildPhases = (
				723292CB1A9623FE00850FEC /* ShellScript */,
			);
			dependencies = (
				723292CA1A9623C300850FEC /* PBXTargetDependency */,
			);
			name = Framework;
			productName = Framework;
		};
		72942EC61A4DBA7000974C79 /* UniversalLib */ = {
			isa = PBXAggregateTarget;
			buildConfigurationList = 72942EC91A4DBA7100974C79 /* Build configuration list for PBXAggregateTarget "UniversalLib" */;
			buildPhases = (
				72942ECA1A4DBA7E00974C79 /* ShellScript */,
			);
			dependencies = (
			);
			name = UniversalLib;
			productName = UniversalLib;
		};
/* End PBXAggregateTarget section */

/* Begin PBXBuildFile section */
		7227C4BB1A3F037F003A4C3D /* main.m in Sources */ = {isa = PBXBuildFile; fileRef = 7227C4BA1A3F037F003A4C3D /* main.m */; };
		7227C4BE1A3F037F003A4C3D /* AppDelegate.m in Sources */ = {isa = PBXBuildFile; fileRef = 7227C4BD1A3F037F003A4C3D /* AppDelegate.m */; };
		7227C4E61A3F060A003A4C3D /* LaunchScreen.xib in Resources */ = {isa = PBXBuildFile; fileRef = 7227C4E21A3F060A003A4C3D /* LaunchScreen.xib */; };
		7227C4EE1A3F0648003A4C3D /* Main.storyboard in Resources */ = {isa = PBXBuildFile; fileRef = 7227C4E91A3F0648003A4C3D /* Main.storyboard */; };
		7227C4F11A3F06BC003A4C3D /* Images.xcassets in Resources */ = {isa = PBXBuildFile; fileRef = 7227C4F01A3F06BC003A4C3D /* Images.xcassets */; };
		7227C4FB1A3F14BE003A4C3D /* UIWindow+Tracking.m in Sources */ = {isa = PBXBuildFile; fileRef = 7227C4FA1A3F14BE003A4C3D /* UIWindow+Tracking.m */; };
		723292CD1A9642E800850FEC /* AppAnalytics.h in Headers */ = {isa = PBXBuildFile; fileRef = 7289A9641A44401300CF5CF6 /* AppAnalytics.h */; settings = {ATTRIBUTES = (Public, ); }; };
		7246C0FE1A94BC38005C4810 /* MobileCoreServices.framework in Frameworks */ = {isa = PBXBuildFile; fileRef = 7246C0FD1A94BC38005C4810 /* MobileCoreServices.framework */; };
		7246C1001A94BC3D005C4810 /* SystemConfiguration.framework in Frameworks */ = {isa = PBXBuildFile; fileRef = 7246C0FF1A94BC3D005C4810 /* SystemConfiguration.framework */; };
		7246C1061A94C309005C4810 /* ViewController.m in Sources */ = {isa = PBXBuildFile; fileRef = 7227C4EC1A3F0648003A4C3D /* ViewController.m */; };
		7246C1071A94C30B005C4810 /* TestViewController.m in Sources */ = {isa = PBXBuildFile; fileRef = 720FF3121A88DEF900C29E42 /* TestViewController.m */; };
		724D758F1A8509CF00F2E61D /* StoreKit.framework in Frameworks */ = {isa = PBXBuildFile; fileRef = 724D758E1A8509CF00F2E61D /* StoreKit.framework */; };
		725795DC1A4DA99E00D8572D /* NSObject+Swizzling.m in Sources */ = {isa = PBXBuildFile; fileRef = 72922EFB1A48300400CEC369 /* NSObject+Swizzling.m */; };
		725795DD1A4DA99E00D8572D /* UIWindow+Tracking.m in Sources */ = {isa = PBXBuildFile; fileRef = 7227C4FA1A3F14BE003A4C3D /* UIWindow+Tracking.m */; };
		725795DE1A4DA99E00D8572D /* UIControl+Tracking.m in Sources */ = {isa = PBXBuildFile; fileRef = 72922F011A483D7000CEC369 /* UIControl+Tracking.m */; };
		725795DF1A4DA99E00D8572D /* UIResponder+Tracking.m in Sources */ = {isa = PBXBuildFile; fileRef = 7289A97B1A447FEE00CF5CF6 /* UIResponder+Tracking.m */; };
		725795E01A4DA99E00D8572D /* UIViewController+Tracking.m in Sources */ = {isa = PBXBuildFile; fileRef = 727E6AA61A4AB6C500822C51 /* UIViewController+Tracking.m */; };
		725795E11A4DA99E00D8572D /* UISegmentedControl+Tracking.m in Sources */ = {isa = PBXBuildFile; fileRef = 72922F061A48572C00CEC369 /* UISegmentedControl+Tracking.m */; };
		725795E21A4DA99E00D8572D /* UISwipeGestureRecognizer+DirectionString.m in Sources */ = {isa = PBXBuildFile; fileRef = 7289A9741A4462E200CF5CF6 /* UISwipeGestureRecognizer+DirectionString.m */; };
		725795E31A4DA99E00D8572D /* UIGestureRecognizer+Type.m in Sources */ = {isa = PBXBuildFile; fileRef = 72672F211A4974AF001FDC80 /* UIGestureRecognizer+Type.m */; };
		725795E41A4DA99E00D8572D /* LogInfo.m in Sources */ = {isa = PBXBuildFile; fileRef = 72922F031A4849AA00CEC369 /* LogInfo.m */; };
		725795E51A4DA99E00D8572D /* GestureDetails.m in Sources */ = {isa = PBXBuildFile; fileRef = 7289A9701A44477800CF5CF6 /* GestureDetails.m */; };
		725795E61A4DA99E00D8572D /* ShakeDetails.m in Sources */ = {isa = PBXBuildFile; fileRef = 7289A9781A4469BA00CF5CF6 /* ShakeDetails.m */; };
		725795E71A4DA99E00D8572D /* NavigationDetails.m in Sources */ = {isa = PBXBuildFile; fileRef = 727E6AA91A4AB71700822C51 /* NavigationDetails.m */; };
		725795E81A4DA99E00D8572D /* GTConstants.m in Sources */ = {isa = PBXBuildFile; fileRef = 727E6AD21A4ACF1800822C51 /* GTConstants.m */; };
		725795E91A4DA99E00D8572D /* AppAnalyticsHelpers.m in Sources */ = {isa = PBXBuildFile; fileRef = 72922EDA1A48155700CEC369 /* AppAnalyticsHelpers.m */; };
		725795EA1A4DA99E00D8572D /* KeyboardWatcher.m in Sources */ = {isa = PBXBuildFile; fileRef = 72922EFE1A48339100CEC369 /* KeyboardWatcher.m */; };
		725795EB1A4DA99E00D8572D /* AppAnalytics.m in Sources */ = {isa = PBXBuildFile; fileRef = 7289A9651A44401300CF5CF6 /* AppAnalytics.m */; };
		725795EC1A4DA99E00D8572D /* Logger.m in Sources */ = {isa = PBXBuildFile; fileRef = 7289A96C1A44471E00CF5CF6 /* Logger.m */; };
		725795ED1A4DA99E00D8572D /* ManifestBuilder.m in Sources */ = {isa = PBXBuildFile; fileRef = 72672F251A4988C4001FDC80 /* ManifestBuilder.m */; };
		725795EE1A4DA99E00D8572D /* ConnectionManager.m in Sources */ = {isa = PBXBuildFile; fileRef = 727E6B031A4B154D00822C51 /* ConnectionManager.m */; };
		725795EF1A4DA9B100D8572D /* AppAnalytics.h in Copy Files */ = {isa = PBXBuildFile; fileRef = 7289A9641A44401300CF5CF6 /* AppAnalytics.h */; };
		72672F221A4974AF001FDC80 /* UIGestureRecognizer+Type.m in Sources */ = {isa = PBXBuildFile; fileRef = 72672F211A4974AF001FDC80 /* UIGestureRecognizer+Type.m */; };
		72672F261A4988C4001FDC80 /* ManifestBuilder.m in Sources */ = {isa = PBXBuildFile; fileRef = 72672F251A4988C4001FDC80 /* ManifestBuilder.m */; };
		72672F2A1A49BF7E001FDC80 /* OpenUDID.m in Sources */ = {isa = PBXBuildFile; fileRef = 72672F291A49BF7E001FDC80 /* OpenUDID.m */; };
		726C9A1F1A9495DA003D03AE /* AFHTTPRequestOperation.m in Sources */ = {isa = PBXBuildFile; fileRef = 727E6AB01A4ACCDD00822C51 /* AFHTTPRequestOperation.m */; };
		726C9A211A9495DA003D03AE /* AFHTTPRequestOperationManager.m in Sources */ = {isa = PBXBuildFile; fileRef = 727E6AB21A4ACCDD00822C51 /* AFHTTPRequestOperationManager.m */; };
		726C9A231A9495DA003D03AE /* AFHTTPSessionManager.m in Sources */ = {isa = PBXBuildFile; fileRef = 727E6AB41A4ACCDD00822C51 /* AFHTTPSessionManager.m */; };
		726C9A261A9495DA003D03AE /* AFNetworkReachabilityManager.m in Sources */ = {isa = PBXBuildFile; fileRef = 727E6AB71A4ACCDD00822C51 /* AFNetworkReachabilityManager.m */; };
		726C9A281A9495DA003D03AE /* AFSecurityPolicy.m in Sources */ = {isa = PBXBuildFile; fileRef = 727E6AB91A4ACCDD00822C51 /* AFSecurityPolicy.m */; };
		726C9A2A1A9495DA003D03AE /* AFURLConnectionOperation.m in Sources */ = {isa = PBXBuildFile; fileRef = 727E6ABB1A4ACCDD00822C51 /* AFURLConnectionOperation.m */; };
		726C9A2C1A9495DA003D03AE /* AFURLRequestSerialization.m in Sources */ = {isa = PBXBuildFile; fileRef = 727E6ABD1A4ACCDD00822C51 /* AFURLRequestSerialization.m */; };
		726C9A2E1A9495DA003D03AE /* AFURLResponseSerialization.m in Sources */ = {isa = PBXBuildFile; fileRef = 727E6ABF1A4ACCDD00822C51 /* AFURLResponseSerialization.m */; };
		726C9A301A9495DA003D03AE /* AFURLSessionManager.m in Sources */ = {isa = PBXBuildFile; fileRef = 727E6AC11A4ACCDD00822C51 /* AFURLSessionManager.m */; };
		726C9A321A9495DA003D03AE /* OpenUDID.m in Sources */ = {isa = PBXBuildFile; fileRef = 72672F291A49BF7E001FDC80 /* OpenUDID.m */; };
		726C9A381A949DD4003D03AE /* HMFJSONResponseSerializerWithData.m in Sources */ = {isa = PBXBuildFile; fileRef = 727E6ACD1A4ACE7800822C51 /* HMFJSONResponseSerializerWithData.m */; };
		726C9A391A949DD4003D03AE /* AFHTTPRequestOperation.m in Sources */ = {isa = PBXBuildFile; fileRef = 727E6AB01A4ACCDD00822C51 /* AFHTTPRequestOperation.m */; };
		726C9A3A1A949DD4003D03AE /* AFHTTPRequestOperationManager.m in Sources */ = {isa = PBXBuildFile; fileRef = 727E6AB21A4ACCDD00822C51 /* AFHTTPRequestOperationManager.m */; };
		726C9A3B1A949DD4003D03AE /* AFHTTPSessionManager.m in Sources */ = {isa = PBXBuildFile; fileRef = 727E6AB41A4ACCDD00822C51 /* AFHTTPSessionManager.m */; };
		726C9A3C1A949DD4003D03AE /* AFNetworkReachabilityManager.m in Sources */ = {isa = PBXBuildFile; fileRef = 727E6AB71A4ACCDD00822C51 /* AFNetworkReachabilityManager.m */; };
		726C9A3D1A949DD4003D03AE /* AFSecurityPolicy.m in Sources */ = {isa = PBXBuildFile; fileRef = 727E6AB91A4ACCDD00822C51 /* AFSecurityPolicy.m */; };
		726C9A3E1A949DD4003D03AE /* AFURLConnectionOperation.m in Sources */ = {isa = PBXBuildFile; fileRef = 727E6ABB1A4ACCDD00822C51 /* AFURLConnectionOperation.m */; };
		726C9A3F1A949DD4003D03AE /* AFURLRequestSerialization.m in Sources */ = {isa = PBXBuildFile; fileRef = 727E6ABD1A4ACCDD00822C51 /* AFURLRequestSerialization.m */; };
		726C9A401A949DD4003D03AE /* AFURLResponseSerialization.m in Sources */ = {isa = PBXBuildFile; fileRef = 727E6ABF1A4ACCDD00822C51 /* AFURLResponseSerialization.m */; };
		726C9A411A949DD4003D03AE /* AFURLSessionManager.m in Sources */ = {isa = PBXBuildFile; fileRef = 727E6AC11A4ACCDD00822C51 /* AFURLSessionManager.m */; };
		726C9A421A949DD4003D03AE /* OpenUDID.m in Sources */ = {isa = PBXBuildFile; fileRef = 72672F291A49BF7E001FDC80 /* OpenUDID.m */; };
		727B30C41A83A8C700162711 /* Event.m in Sources */ = {isa = PBXBuildFile; fileRef = 727B30C31A83A8C700162711 /* Event.m */; };
		727B30C71A83B4E300162711 /* EventsManager.m in Sources */ = {isa = PBXBuildFile; fileRef = 727B30C61A83B4E300162711 /* EventsManager.m */; };
		727E6AA71A4AB6C500822C51 /* UIViewController+Tracking.m in Sources */ = {isa = PBXBuildFile; fileRef = 727E6AA61A4AB6C500822C51 /* UIViewController+Tracking.m */; };
		727E6AAA1A4AB71700822C51 /* NavigationDetails.m in Sources */ = {isa = PBXBuildFile; fileRef = 727E6AA91A4AB71700822C51 /* NavigationDetails.m */; };
		727E6AC21A4ACCDD00822C51 /* AFHTTPRequestOperation.m in Sources */ = {isa = PBXBuildFile; fileRef = 727E6AB01A4ACCDD00822C51 /* AFHTTPRequestOperation.m */; };
		727E6AC31A4ACCDD00822C51 /* AFHTTPRequestOperationManager.m in Sources */ = {isa = PBXBuildFile; fileRef = 727E6AB21A4ACCDD00822C51 /* AFHTTPRequestOperationManager.m */; };
		727E6AC41A4ACCDD00822C51 /* AFHTTPSessionManager.m in Sources */ = {isa = PBXBuildFile; fileRef = 727E6AB41A4ACCDD00822C51 /* AFHTTPSessionManager.m */; };
		727E6AC51A4ACCDD00822C51 /* AFNetworkReachabilityManager.m in Sources */ = {isa = PBXBuildFile; fileRef = 727E6AB71A4ACCDD00822C51 /* AFNetworkReachabilityManager.m */; };
		727E6AC61A4ACCDD00822C51 /* AFSecurityPolicy.m in Sources */ = {isa = PBXBuildFile; fileRef = 727E6AB91A4ACCDD00822C51 /* AFSecurityPolicy.m */; };
		727E6AC71A4ACCDD00822C51 /* AFURLConnectionOperation.m in Sources */ = {isa = PBXBuildFile; fileRef = 727E6ABB1A4ACCDD00822C51 /* AFURLConnectionOperation.m */; };
		727E6AC81A4ACCDD00822C51 /* AFURLRequestSerialization.m in Sources */ = {isa = PBXBuildFile; fileRef = 727E6ABD1A4ACCDD00822C51 /* AFURLRequestSerialization.m */; };
		727E6AC91A4ACCDD00822C51 /* AFURLResponseSerialization.m in Sources */ = {isa = PBXBuildFile; fileRef = 727E6ABF1A4ACCDD00822C51 /* AFURLResponseSerialization.m */; };
		727E6ACA1A4ACCDD00822C51 /* AFURLSessionManager.m in Sources */ = {isa = PBXBuildFile; fileRef = 727E6AC11A4ACCDD00822C51 /* AFURLSessionManager.m */; };
		727E6ACF1A4ACE7800822C51 /* HMFJSONResponseSerializerWithData.m in Sources */ = {isa = PBXBuildFile; fileRef = 727E6ACD1A4ACE7800822C51 /* HMFJSONResponseSerializerWithData.m */; };
		727E6AD31A4ACF1800822C51 /* GTConstants.m in Sources */ = {isa = PBXBuildFile; fileRef = 727E6AD21A4ACF1800822C51 /* GTConstants.m */; };
		727E6B041A4B154D00822C51 /* ConnectionManager.m in Sources */ = {isa = PBXBuildFile; fileRef = 727E6B031A4B154D00822C51 /* ConnectionManager.m */; };
		7289A9661A44401300CF5CF6 /* AppAnalytics.m in Sources */ = {isa = PBXBuildFile; fileRef = 7289A9651A44401300CF5CF6 /* AppAnalytics.m */; };
		7289A96D1A44471E00CF5CF6 /* Logger.m in Sources */ = {isa = PBXBuildFile; fileRef = 7289A96C1A44471E00CF5CF6 /* Logger.m */; };
		7289A9711A44477800CF5CF6 /* GestureDetails.m in Sources */ = {isa = PBXBuildFile; fileRef = 7289A9701A44477800CF5CF6 /* GestureDetails.m */; };
		7289A9751A4462E200CF5CF6 /* UISwipeGestureRecognizer+DirectionString.m in Sources */ = {isa = PBXBuildFile; fileRef = 7289A9741A4462E200CF5CF6 /* UISwipeGestureRecognizer+DirectionString.m */; };
		7289A9791A4469BA00CF5CF6 /* ShakeDetails.m in Sources */ = {isa = PBXBuildFile; fileRef = 7289A9781A4469BA00CF5CF6 /* ShakeDetails.m */; };
		7289A97C1A447FEE00CF5CF6 /* UIResponder+Tracking.m in Sources */ = {isa = PBXBuildFile; fileRef = 7289A97B1A447FEE00CF5CF6 /* UIResponder+Tracking.m */; };
		72922EDB1A48155700CEC369 /* AppAnalyticsHelpers.m in Sources */ = {isa = PBXBuildFile; fileRef = 72922EDA1A48155700CEC369 /* AppAnalyticsHelpers.m */; };
		72922EFC1A48300400CEC369 /* NSObject+Swizzling.m in Sources */ = {isa = PBXBuildFile; fileRef = 72922EFB1A48300400CEC369 /* NSObject+Swizzling.m */; };
		72922EFF1A48339100CEC369 /* KeyboardWatcher.m in Sources */ = {isa = PBXBuildFile; fileRef = 72922EFE1A48339100CEC369 /* KeyboardWatcher.m */; };
		72922F021A483D7000CEC369 /* UIControl+Tracking.m in Sources */ = {isa = PBXBuildFile; fileRef = 72922F011A483D7000CEC369 /* UIControl+Tracking.m */; };
		72922F041A4849AA00CEC369 /* LogInfo.m in Sources */ = {isa = PBXBuildFile; fileRef = 72922F031A4849AA00CEC369 /* LogInfo.m */; };
		72922F071A48572C00CEC369 /* UISegmentedControl+Tracking.m in Sources */ = {isa = PBXBuildFile; fileRef = 72922F061A48572C00CEC369 /* UISegmentedControl+Tracking.m */; };
		72922F0C1A4861D500CEC369 /* GLKit.framework in Frameworks */ = {isa = PBXBuildFile; fileRef = 72922F0B1A4861D500CEC369 /* GLKit.framework */; };
		72922F0E1A4861D800CEC369 /* AdSupport.framework in Frameworks */ = {isa = PBXBuildFile; fileRef = 72922F0D1A4861D800CEC369 /* AdSupport.framework */; };
		72922F101A4861DD00CEC369 /* MapKit.framework in Frameworks */ = {isa = PBXBuildFile; fileRef = 72922F0F1A4861DD00CEC369 /* MapKit.framework */; };
		72922F131A48623300CEC369 /* iAd.framework in Frameworks */ = {isa = PBXBuildFile; fileRef = 72922F121A48623300CEC369 /* iAd.framework */; };
		72C84E861A8A53790075EF99 /* NSUserDefaults+SaveCustomObject.m in Sources */ = {isa = PBXBuildFile; fileRef = 72C84E851A8A53790075EF99 /* NSUserDefaults+SaveCustomObject.m */; };
		72DC01381A978013003F40BE /* HMFJSONResponseSerializerWithData.m in Sources */ = {isa = PBXBuildFile; fileRef = 727E6ACD1A4ACE7800822C51 /* HMFJSONResponseSerializerWithData.m */; };
		72DC01391A978013003F40BE /* AFHTTPRequestOperation.m in Sources */ = {isa = PBXBuildFile; fileRef = 727E6AB01A4ACCDD00822C51 /* AFHTTPRequestOperation.m */; };
		72DC013A1A978013003F40BE /* AFHTTPRequestOperationManager.m in Sources */ = {isa = PBXBuildFile; fileRef = 727E6AB21A4ACCDD00822C51 /* AFHTTPRequestOperationManager.m */; };
		72DC013B1A978013003F40BE /* AFHTTPSessionManager.m in Sources */ = {isa = PBXBuildFile; fileRef = 727E6AB41A4ACCDD00822C51 /* AFHTTPSessionManager.m */; };
		72DC013C1A978013003F40BE /* AFNetworkReachabilityManager.m in Sources */ = {isa = PBXBuildFile; fileRef = 727E6AB71A4ACCDD00822C51 /* AFNetworkReachabilityManager.m */; };
		72DC013D1A978013003F40BE /* AFSecurityPolicy.m in Sources */ = {isa = PBXBuildFile; fileRef = 727E6AB91A4ACCDD00822C51 /* AFSecurityPolicy.m */; };
		72DC013E1A978013003F40BE /* AFURLConnectionOperation.m in Sources */ = {isa = PBXBuildFile; fileRef = 727E6ABB1A4ACCDD00822C51 /* AFURLConnectionOperation.m */; };
		72DC013F1A978013003F40BE /* AFURLRequestSerialization.m in Sources */ = {isa = PBXBuildFile; fileRef = 727E6ABD1A4ACCDD00822C51 /* AFURLRequestSerialization.m */; };
		72DC01401A978013003F40BE /* AFURLResponseSerialization.m in Sources */ = {isa = PBXBuildFile; fileRef = 727E6ABF1A4ACCDD00822C51 /* AFURLResponseSerialization.m */; };
		72DC01411A978013003F40BE /* AFURLSessionManager.m in Sources */ = {isa = PBXBuildFile; fileRef = 727E6AC11A4ACCDD00822C51 /* AFURLSessionManager.m */; };
		72DC01421A978013003F40BE /* OpenUDID.m in Sources */ = {isa = PBXBuildFile; fileRef = 72672F291A49BF7E001FDC80 /* OpenUDID.m */; };
		72DC01431A978013003F40BE /* NSObject+Swizzling.m in Sources */ = {isa = PBXBuildFile; fileRef = 72922EFB1A48300400CEC369 /* NSObject+Swizzling.m */; };
		72DC01441A978013003F40BE /* UIWindow+Tracking.m in Sources */ = {isa = PBXBuildFile; fileRef = 7227C4FA1A3F14BE003A4C3D /* UIWindow+Tracking.m */; };
		72DC01451A978013003F40BE /* UIControl+Tracking.m in Sources */ = {isa = PBXBuildFile; fileRef = 72922F011A483D7000CEC369 /* UIControl+Tracking.m */; };
		72DC01461A978013003F40BE /* UIResponder+Tracking.m in Sources */ = {isa = PBXBuildFile; fileRef = 7289A97B1A447FEE00CF5CF6 /* UIResponder+Tracking.m */; };
		72DC01471A978013003F40BE /* UIViewController+Tracking.m in Sources */ = {isa = PBXBuildFile; fileRef = 727E6AA61A4AB6C500822C51 /* UIViewController+Tracking.m */; };
		72DC01481A978013003F40BE /* UISegmentedControl+Tracking.m in Sources */ = {isa = PBXBuildFile; fileRef = 72922F061A48572C00CEC369 /* UISegmentedControl+Tracking.m */; };
		72DC01491A978013003F40BE /* UISwipeGestureRecognizer+DirectionString.m in Sources */ = {isa = PBXBuildFile; fileRef = 7289A9741A4462E200CF5CF6 /* UISwipeGestureRecognizer+DirectionString.m */; };
		72DC014A1A978013003F40BE /* UIGestureRecognizer+Type.m in Sources */ = {isa = PBXBuildFile; fileRef = 72672F211A4974AF001FDC80 /* UIGestureRecognizer+Type.m */; };
		72DC014B1A978013003F40BE /* LogInfo.m in Sources */ = {isa = PBXBuildFile; fileRef = 72922F031A4849AA00CEC369 /* LogInfo.m */; };
		72DC014C1A978013003F40BE /* GestureDetails.m in Sources */ = {isa = PBXBuildFile; fileRef = 7289A9701A44477800CF5CF6 /* GestureDetails.m */; };
		72DC014D1A978013003F40BE /* ShakeDetails.m in Sources */ = {isa = PBXBuildFile; fileRef = 7289A9781A4469BA00CF5CF6 /* ShakeDetails.m */; };
		72DC014E1A978013003F40BE /* NavigationDetails.m in Sources */ = {isa = PBXBuildFile; fileRef = 727E6AA91A4AB71700822C51 /* NavigationDetails.m */; };
		72DC014F1A978013003F40BE /* GTConstants.m in Sources */ = {isa = PBXBuildFile; fileRef = 727E6AD21A4ACF1800822C51 /* GTConstants.m */; };
		72DC01501A978013003F40BE /* AppAnalyticsHelpers.m in Sources */ = {isa = PBXBuildFile; fileRef = 72922EDA1A48155700CEC369 /* AppAnalyticsHelpers.m */; };
		72DC01511A978013003F40BE /* KeyboardWatcher.m in Sources */ = {isa = PBXBuildFile; fileRef = 72922EFE1A48339100CEC369 /* KeyboardWatcher.m */; };
		72DC01521A978013003F40BE /* AppAnalytics.m in Sources */ = {isa = PBXBuildFile; fileRef = 7289A9651A44401300CF5CF6 /* AppAnalytics.m */; };
		72DC01531A978013003F40BE /* Logger.m in Sources */ = {isa = PBXBuildFile; fileRef = 7289A96C1A44471E00CF5CF6 /* Logger.m */; };
		72DC01541A978013003F40BE /* ManifestBuilder.m in Sources */ = {isa = PBXBuildFile; fileRef = 72672F251A4988C4001FDC80 /* ManifestBuilder.m */; };
		72DC01551A978013003F40BE /* ConnectionManager.m in Sources */ = {isa = PBXBuildFile; fileRef = 727E6B031A4B154D00822C51 /* ConnectionManager.m */; };
		72DC01581A978013003F40BE /* AppAnalytics.h in CopyFiles */ = {isa = PBXBuildFile; fileRef = 7289A9641A44401300CF5CF6 /* AppAnalytics.h */; };
		72DC015A1A978013003F40BE /* AppAnalytics.h in Headers */ = {isa = PBXBuildFile; fileRef = 7289A9641A44401300CF5CF6 /* AppAnalytics.h */; settings = {ATTRIBUTES = (Public, ); }; };
		72DC01621A97841A003F40BE /* Event.m in Sources */ = {isa = PBXBuildFile; fileRef = 727B30C31A83A8C700162711 /* Event.m */; };
		72DC01631A97841A003F40BE /* EventsManager.m in Sources */ = {isa = PBXBuildFile; fileRef = 727B30C61A83B4E300162711 /* EventsManager.m */; };
		72DC01641A978429003F40BE /* NSUserDefaults+SaveCustomObject.m in Sources */ = {isa = PBXBuildFile; fileRef = 72C84E851A8A53790075EF99 /* NSUserDefaults+SaveCustomObject.m */; };
		72DC01651A978429003F40BE /* Event.m in Sources */ = {isa = PBXBuildFile; fileRef = 727B30C31A83A8C700162711 /* Event.m */; };
		72DC01661A978429003F40BE /* EventsManager.m in Sources */ = {isa = PBXBuildFile; fileRef = 727B30C61A83B4E300162711 /* EventsManager.m */; };
		72DC01671A978432003F40BE /* NSUserDefaults+SaveCustomObject.m in Sources */ = {isa = PBXBuildFile; fileRef = 72C84E851A8A53790075EF99 /* NSUserDefaults+SaveCustomObject.m */; };
/* End PBXBuildFile section */

/* Begin PBXContainerItemProxy section */
		723292C91A9623C300850FEC /* PBXContainerItemProxy */ = {
			isa = PBXContainerItemProxy;
			containerPortal = 7227C4AD1A3F037F003A4C3D /* Project object */;
			proxyType = 1;
			remoteGlobalIDString = 725795B91A4DA94E00D8572D;
			remoteInfo = gestureprocessorlib;
		};
		72DC01361A978013003F40BE /* PBXContainerItemProxy */ = {
			isa = PBXContainerItemProxy;
			containerPortal = 7227C4AD1A3F037F003A4C3D /* Project object */;
			proxyType = 1;
			remoteGlobalIDString = 726C9A051A949569003D03AE;
			remoteInfo = Libs;
		};
/* End PBXContainerItemProxy section */

/* Begin PBXCopyFilesBuildPhase section */
		723292A51A96189900850FEC /* Embed Frameworks */ = {
			isa = PBXCopyFilesBuildPhase;
			buildActionMask = 2147483647;
			dstPath = "";
			dstSubfolderSpec = 10;
			files = (
			);
			name = "Embed Frameworks";
			runOnlyForDeploymentPostprocessing = 0;
		};
		725795B81A4DA94E00D8572D /* Copy Files */ = {
			isa = PBXCopyFilesBuildPhase;
			buildActionMask = 2147483647;
			dstPath = .;
			dstSubfolderSpec = 16;
			files = (
				725795EF1A4DA9B100D8572D /* AppAnalytics.h in Copy Files */,
			);
			name = "Copy Files";
			runOnlyForDeploymentPostprocessing = 0;
		};
		726C9A041A949569003D03AE /* CopyFiles */ = {
			isa = PBXCopyFilesBuildPhase;
			buildActionMask = 2147483647;
			dstPath = "include/$(PRODUCT_NAME)";
			dstSubfolderSpec = 16;
			files = (
			);
			runOnlyForDeploymentPostprocessing = 0;
		};
		72DC01571A978013003F40BE /* CopyFiles */ = {
			isa = PBXCopyFilesBuildPhase;
			buildActionMask = 2147483647;
			dstPath = .;
			dstSubfolderSpec = 16;
			files = (
				72DC01581A978013003F40BE /* AppAnalytics.h in CopyFiles */,
			);
			runOnlyForDeploymentPostprocessing = 0;
		};
/* End PBXCopyFilesBuildPhase section */

/* Begin PBXFileReference section */
		720FF3111A88DEF900C29E42 /* TestViewController.h */ = {isa = PBXFileReference; fileEncoding = 4; lastKnownFileType = sourcecode.c.h; path = TestViewController.h; sourceTree = "<group>"; };
		720FF3121A88DEF900C29E42 /* TestViewController.m */ = {isa = PBXFileReference; fileEncoding = 4; lastKnownFileType = sourcecode.c.objc; path = TestViewController.m; sourceTree = "<group>"; };
		7227C4B51A3F037F003A4C3D /* gestureprocessor.app */ = {isa = PBXFileReference; explicitFileType = wrapper.application; includeInIndex = 0; path = gestureprocessor.app; sourceTree = BUILT_PRODUCTS_DIR; };
		7227C4B91A3F037F003A4C3D /* Info.plist */ = {isa = PBXFileReference; lastKnownFileType = text.plist.xml; path = Info.plist; sourceTree = "<group>"; };
		7227C4BA1A3F037F003A4C3D /* main.m */ = {isa = PBXFileReference; lastKnownFileType = sourcecode.c.objc; path = main.m; sourceTree = "<group>"; };
		7227C4BC1A3F037F003A4C3D /* AppDelegate.h */ = {isa = PBXFileReference; lastKnownFileType = sourcecode.c.h; path = AppDelegate.h; sourceTree = "<group>"; };
		7227C4BD1A3F037F003A4C3D /* AppDelegate.m */ = {isa = PBXFileReference; lastKnownFileType = sourcecode.c.objc; path = AppDelegate.m; sourceTree = "<group>"; };
		7227C4E21A3F060A003A4C3D /* LaunchScreen.xib */ = {isa = PBXFileReference; fileEncoding = 4; lastKnownFileType = file.xib; path = LaunchScreen.xib; sourceTree = "<group>"; };
		7227C4E91A3F0648003A4C3D /* Main.storyboard */ = {isa = PBXFileReference; fileEncoding = 4; lastKnownFileType = file.storyboard; path = Main.storyboard; sourceTree = "<group>"; };
		7227C4EB1A3F0648003A4C3D /* ViewController.h */ = {isa = PBXFileReference; fileEncoding = 4; lastKnownFileType = sourcecode.c.h; path = ViewController.h; sourceTree = "<group>"; };
		7227C4EC1A3F0648003A4C3D /* ViewController.m */ = {isa = PBXFileReference; fileEncoding = 4; lastKnownFileType = sourcecode.c.objc; path = ViewController.m; sourceTree = "<group>"; };
		7227C4F01A3F06BC003A4C3D /* Images.xcassets */ = {isa = PBXFileReference; lastKnownFileType = folder.assetcatalog; path = Images.xcassets; sourceTree = "<group>"; };
		7227C4F91A3F14BE003A4C3D /* UIWindow+Tracking.h */ = {isa = PBXFileReference; fileEncoding = 4; lastKnownFileType = sourcecode.c.h; path = "UIWindow+Tracking.h"; sourceTree = "<group>"; };
		7227C4FA1A3F14BE003A4C3D /* UIWindow+Tracking.m */ = {isa = PBXFileReference; fileEncoding = 4; lastKnownFileType = sourcecode.c.objc; path = "UIWindow+Tracking.m"; sourceTree = "<group>"; };
		7246C0FD1A94BC38005C4810 /* MobileCoreServices.framework */ = {isa = PBXFileReference; lastKnownFileType = wrapper.framework; name = MobileCoreServices.framework; path = System/Library/Frameworks/MobileCoreServices.framework; sourceTree = SDKROOT; };
		7246C0FF1A94BC3D005C4810 /* SystemConfiguration.framework */ = {isa = PBXFileReference; lastKnownFileType = wrapper.framework; name = SystemConfiguration.framework; path = System/Library/Frameworks/SystemConfiguration.framework; sourceTree = SDKROOT; };
		7246C1051A94C237005C4810 /* gestureprocessor-Prefix.pch */ = {isa = PBXFileReference; lastKnownFileType = sourcecode.c.h; path = "gestureprocessor-Prefix.pch"; sourceTree = "<group>"; };
		724D758E1A8509CF00F2E61D /* StoreKit.framework */ = {isa = PBXFileReference; lastKnownFileType = wrapper.framework; name = StoreKit.framework; path = System/Library/Frameworks/StoreKit.framework; sourceTree = SDKROOT; };
		725795BA1A4DA94E00D8572D /* libAppAnalytics.a */ = {isa = PBXFileReference; explicitFileType = archive.ar; includeInIndex = 0; path = libAppAnalytics.a; sourceTree = BUILT_PRODUCTS_DIR; };
		72672F201A4974AF001FDC80 /* UIGestureRecognizer+Type.h */ = {isa = PBXFileReference; fileEncoding = 4; lastKnownFileType = sourcecode.c.h; path = "UIGestureRecognizer+Type.h"; sourceTree = "<group>"; };
		72672F211A4974AF001FDC80 /* UIGestureRecognizer+Type.m */ = {isa = PBXFileReference; fileEncoding = 4; lastKnownFileType = sourcecode.c.objc; path = "UIGestureRecognizer+Type.m"; sourceTree = "<group>"; };
		72672F241A4988C4001FDC80 /* ManifestBuilder.h */ = {isa = PBXFileReference; fileEncoding = 4; lastKnownFileType = sourcecode.c.h; path = ManifestBuilder.h; sourceTree = "<group>"; };
		72672F251A4988C4001FDC80 /* ManifestBuilder.m */ = {isa = PBXFileReference; fileEncoding = 4; lastKnownFileType = sourcecode.c.objc; path = ManifestBuilder.m; sourceTree = "<group>"; };
		72672F281A49BF7E001FDC80 /* OpenUDID.h */ = {isa = PBXFileReference; fileEncoding = 4; lastKnownFileType = sourcecode.c.h; path = OpenUDID.h; sourceTree = "<group>"; };
		72672F291A49BF7E001FDC80 /* OpenUDID.m */ = {isa = PBXFileReference; fileEncoding = 4; lastKnownFileType = sourcecode.c.objc; path = OpenUDID.m; sourceTree = "<group>"; };
		726C9A061A949569003D03AE /* libExt.a */ = {isa = PBXFileReference; explicitFileType = archive.ar; includeInIndex = 0; path = libExt.a; sourceTree = BUILT_PRODUCTS_DIR; };
		726C9A341A949665003D03AE /* NamespacedDependencies.h */ = {isa = PBXFileReference; fileEncoding = 4; lastKnownFileType = sourcecode.c.h; path = NamespacedDependencies.h; sourceTree = "<group>"; };
		727B30C21A83A8C700162711 /* Event.h */ = {isa = PBXFileReference; fileEncoding = 4; lastKnownFileType = sourcecode.c.h; path = Event.h; sourceTree = "<group>"; };
		727B30C31A83A8C700162711 /* Event.m */ = {isa = PBXFileReference; fileEncoding = 4; lastKnownFileType = sourcecode.c.objc; path = Event.m; sourceTree = "<group>"; };
		727B30C51A83B4E300162711 /* EventsManager.h */ = {isa = PBXFileReference; fileEncoding = 4; lastKnownFileType = sourcecode.c.h; path = EventsManager.h; sourceTree = "<group>"; };
		727B30C61A83B4E300162711 /* EventsManager.m */ = {isa = PBXFileReference; fileEncoding = 4; lastKnownFileType = sourcecode.c.objc; path = EventsManager.m; sourceTree = "<group>"; };
		727E6AA51A4AB6C500822C51 /* UIViewController+Tracking.h */ = {isa = PBXFileReference; fileEncoding = 4; lastKnownFileType = sourcecode.c.h; path = "UIViewController+Tracking.h"; sourceTree = "<group>"; };
		727E6AA61A4AB6C500822C51 /* UIViewController+Tracking.m */ = {isa = PBXFileReference; fileEncoding = 4; lastKnownFileType = sourcecode.c.objc; path = "UIViewController+Tracking.m"; sourceTree = "<group>"; };
		727E6AA81A4AB71700822C51 /* NavigationDetails.h */ = {isa = PBXFileReference; fileEncoding = 4; lastKnownFileType = sourcecode.c.h; path = NavigationDetails.h; sourceTree = "<group>"; };
		727E6AA91A4AB71700822C51 /* NavigationDetails.m */ = {isa = PBXFileReference; fileEncoding = 4; lastKnownFileType = sourcecode.c.objc; path = NavigationDetails.m; sourceTree = "<group>"; };
		727E6AAF1A4ACCDD00822C51 /* AFHTTPRequestOperation.h */ = {isa = PBXFileReference; fileEncoding = 4; lastKnownFileType = sourcecode.c.h; path = AFHTTPRequestOperation.h; sourceTree = "<group>"; };
		727E6AB01A4ACCDD00822C51 /* AFHTTPRequestOperation.m */ = {isa = PBXFileReference; fileEncoding = 4; lastKnownFileType = sourcecode.c.objc; path = AFHTTPRequestOperation.m; sourceTree = "<group>"; };
		727E6AB11A4ACCDD00822C51 /* AFHTTPRequestOperationManager.h */ = {isa = PBXFileReference; fileEncoding = 4; lastKnownFileType = sourcecode.c.h; path = AFHTTPRequestOperationManager.h; sourceTree = "<group>"; };
		727E6AB21A4ACCDD00822C51 /* AFHTTPRequestOperationManager.m */ = {isa = PBXFileReference; fileEncoding = 4; lastKnownFileType = sourcecode.c.objc; path = AFHTTPRequestOperationManager.m; sourceTree = "<group>"; };
		727E6AB31A4ACCDD00822C51 /* AFHTTPSessionManager.h */ = {isa = PBXFileReference; fileEncoding = 4; lastKnownFileType = sourcecode.c.h; path = AFHTTPSessionManager.h; sourceTree = "<group>"; };
		727E6AB41A4ACCDD00822C51 /* AFHTTPSessionManager.m */ = {isa = PBXFileReference; fileEncoding = 4; lastKnownFileType = sourcecode.c.objc; path = AFHTTPSessionManager.m; sourceTree = "<group>"; };
		727E6AB51A4ACCDD00822C51 /* AFNetworking.h */ = {isa = PBXFileReference; fileEncoding = 4; lastKnownFileType = sourcecode.c.h; path = AFNetworking.h; sourceTree = "<group>"; };
		727E6AB61A4ACCDD00822C51 /* AFNetworkReachabilityManager.h */ = {isa = PBXFileReference; fileEncoding = 4; lastKnownFileType = sourcecode.c.h; path = AFNetworkReachabilityManager.h; sourceTree = "<group>"; };
		727E6AB71A4ACCDD00822C51 /* AFNetworkReachabilityManager.m */ = {isa = PBXFileReference; fileEncoding = 4; lastKnownFileType = sourcecode.c.objc; path = AFNetworkReachabilityManager.m; sourceTree = "<group>"; };
		727E6AB81A4ACCDD00822C51 /* AFSecurityPolicy.h */ = {isa = PBXFileReference; fileEncoding = 4; lastKnownFileType = sourcecode.c.h; path = AFSecurityPolicy.h; sourceTree = "<group>"; };
		727E6AB91A4ACCDD00822C51 /* AFSecurityPolicy.m */ = {isa = PBXFileReference; fileEncoding = 4; lastKnownFileType = sourcecode.c.objc; path = AFSecurityPolicy.m; sourceTree = "<group>"; };
		727E6ABA1A4ACCDD00822C51 /* AFURLConnectionOperation.h */ = {isa = PBXFileReference; fileEncoding = 4; lastKnownFileType = sourcecode.c.h; path = AFURLConnectionOperation.h; sourceTree = "<group>"; };
		727E6ABB1A4ACCDD00822C51 /* AFURLConnectionOperation.m */ = {isa = PBXFileReference; fileEncoding = 4; lastKnownFileType = sourcecode.c.objc; path = AFURLConnectionOperation.m; sourceTree = "<group>"; };
		727E6ABC1A4ACCDD00822C51 /* AFURLRequestSerialization.h */ = {isa = PBXFileReference; fileEncoding = 4; lastKnownFileType = sourcecode.c.h; path = AFURLRequestSerialization.h; sourceTree = "<group>"; };
		727E6ABD1A4ACCDD00822C51 /* AFURLRequestSerialization.m */ = {isa = PBXFileReference; fileEncoding = 4; lastKnownFileType = sourcecode.c.objc; path = AFURLRequestSerialization.m; sourceTree = "<group>"; };
		727E6ABE1A4ACCDD00822C51 /* AFURLResponseSerialization.h */ = {isa = PBXFileReference; fileEncoding = 4; lastKnownFileType = sourcecode.c.h; path = AFURLResponseSerialization.h; sourceTree = "<group>"; };
		727E6ABF1A4ACCDD00822C51 /* AFURLResponseSerialization.m */ = {isa = PBXFileReference; fileEncoding = 4; lastKnownFileType = sourcecode.c.objc; path = AFURLResponseSerialization.m; sourceTree = "<group>"; };
		727E6AC01A4ACCDD00822C51 /* AFURLSessionManager.h */ = {isa = PBXFileReference; fileEncoding = 4; lastKnownFileType = sourcecode.c.h; path = AFURLSessionManager.h; sourceTree = "<group>"; };
		727E6AC11A4ACCDD00822C51 /* AFURLSessionManager.m */ = {isa = PBXFileReference; fileEncoding = 4; lastKnownFileType = sourcecode.c.objc; path = AFURLSessionManager.m; sourceTree = "<group>"; };
		727E6ACC1A4ACE7800822C51 /* HMFJSONResponseSerializerWithData.h */ = {isa = PBXFileReference; fileEncoding = 4; lastKnownFileType = sourcecode.c.h; path = HMFJSONResponseSerializerWithData.h; sourceTree = "<group>"; };
		727E6ACD1A4ACE7800822C51 /* HMFJSONResponseSerializerWithData.m */ = {isa = PBXFileReference; fileEncoding = 4; lastKnownFileType = sourcecode.c.objc; path = HMFJSONResponseSerializerWithData.m; sourceTree = "<group>"; };
		727E6AD11A4ACF1800822C51 /* GTConstants.h */ = {isa = PBXFileReference; fileEncoding = 4; lastKnownFileType = sourcecode.c.h; path = GTConstants.h; sourceTree = "<group>"; };
		727E6AD21A4ACF1800822C51 /* GTConstants.m */ = {isa = PBXFileReference; fileEncoding = 4; lastKnownFileType = sourcecode.c.objc; path = GTConstants.m; sourceTree = "<group>"; };
		727E6B021A4B154D00822C51 /* ConnectionManager.h */ = {isa = PBXFileReference; fileEncoding = 4; lastKnownFileType = sourcecode.c.h; path = ConnectionManager.h; sourceTree = "<group>"; };
		727E6B031A4B154D00822C51 /* ConnectionManager.m */ = {isa = PBXFileReference; fileEncoding = 4; lastKnownFileType = sourcecode.c.objc; path = ConnectionManager.m; sourceTree = "<group>"; };
		7289A9641A44401300CF5CF6 /* AppAnalytics.h */ = {isa = PBXFileReference; fileEncoding = 4; lastKnownFileType = sourcecode.c.h; path = AppAnalytics.h; sourceTree = "<group>"; };
		7289A9651A44401300CF5CF6 /* AppAnalytics.m */ = {isa = PBXFileReference; fileEncoding = 4; lastKnownFileType = sourcecode.c.objc; path = AppAnalytics.m; sourceTree = "<group>"; };
		7289A96B1A44471E00CF5CF6 /* Logger.h */ = {isa = PBXFileReference; fileEncoding = 4; lastKnownFileType = sourcecode.c.h; path = Logger.h; sourceTree = "<group>"; };
		7289A96C1A44471E00CF5CF6 /* Logger.m */ = {isa = PBXFileReference; fileEncoding = 4; lastKnownFileType = sourcecode.c.objc; path = Logger.m; sourceTree = "<group>"; };
		7289A96F1A44477800CF5CF6 /* GestureDetails.h */ = {isa = PBXFileReference; fileEncoding = 4; lastKnownFileType = sourcecode.c.h; path = GestureDetails.h; sourceTree = "<group>"; };
		7289A9701A44477800CF5CF6 /* GestureDetails.m */ = {isa = PBXFileReference; fileEncoding = 4; lastKnownFileType = sourcecode.c.objc; path = GestureDetails.m; sourceTree = "<group>"; };
		7289A9731A4462E200CF5CF6 /* UISwipeGestureRecognizer+DirectionString.h */ = {isa = PBXFileReference; fileEncoding = 4; lastKnownFileType = sourcecode.c.h; path = "UISwipeGestureRecognizer+DirectionString.h"; sourceTree = "<group>"; };
		7289A9741A4462E200CF5CF6 /* UISwipeGestureRecognizer+DirectionString.m */ = {isa = PBXFileReference; fileEncoding = 4; lastKnownFileType = sourcecode.c.objc; path = "UISwipeGestureRecognizer+DirectionString.m"; sourceTree = "<group>"; };
		7289A9761A4468AC00CF5CF6 /* LogInfo.h */ = {isa = PBXFileReference; lastKnownFileType = sourcecode.c.h; path = LogInfo.h; sourceTree = "<group>"; };
		7289A9771A4469BA00CF5CF6 /* ShakeDetails.h */ = {isa = PBXFileReference; fileEncoding = 4; lastKnownFileType = sourcecode.c.h; path = ShakeDetails.h; sourceTree = "<group>"; };
		7289A9781A4469BA00CF5CF6 /* ShakeDetails.m */ = {isa = PBXFileReference; fileEncoding = 4; lastKnownFileType = sourcecode.c.objc; path = ShakeDetails.m; sourceTree = "<group>"; };
		7289A97A1A447FEE00CF5CF6 /* UIResponder+Tracking.h */ = {isa = PBXFileReference; fileEncoding = 4; lastKnownFileType = sourcecode.c.h; path = "UIResponder+Tracking.h"; sourceTree = "<group>"; };
		7289A97B1A447FEE00CF5CF6 /* UIResponder+Tracking.m */ = {isa = PBXFileReference; fileEncoding = 4; lastKnownFileType = sourcecode.c.objc; path = "UIResponder+Tracking.m"; sourceTree = "<group>"; };
		72922ED91A48155700CEC369 /* AppAnalyticsHelpers.h */ = {isa = PBXFileReference; fileEncoding = 4; lastKnownFileType = sourcecode.c.h; path = AppAnalyticsHelpers.h; sourceTree = "<group>"; };
		72922EDA1A48155700CEC369 /* AppAnalyticsHelpers.m */ = {isa = PBXFileReference; fileEncoding = 4; lastKnownFileType = sourcecode.c.objc; path = AppAnalyticsHelpers.m; sourceTree = "<group>"; };
		72922EFA1A48300400CEC369 /* NSObject+Swizzling.h */ = {isa = PBXFileReference; fileEncoding = 4; lastKnownFileType = sourcecode.c.h; path = "NSObject+Swizzling.h"; sourceTree = "<group>"; };
		72922EFB1A48300400CEC369 /* NSObject+Swizzling.m */ = {isa = PBXFileReference; fileEncoding = 4; lastKnownFileType = sourcecode.c.objc; path = "NSObject+Swizzling.m"; sourceTree = "<group>"; };
		72922EFD1A48339100CEC369 /* KeyboardWatcher.h */ = {isa = PBXFileReference; fileEncoding = 4; lastKnownFileType = sourcecode.c.h; path = KeyboardWatcher.h; sourceTree = "<group>"; };
		72922EFE1A48339100CEC369 /* KeyboardWatcher.m */ = {isa = PBXFileReference; fileEncoding = 4; lastKnownFileType = sourcecode.c.objc; path = KeyboardWatcher.m; sourceTree = "<group>"; };
		72922F001A483D7000CEC369 /* UIControl+Tracking.h */ = {isa = PBXFileReference; fileEncoding = 4; lastKnownFileType = sourcecode.c.h; path = "UIControl+Tracking.h"; sourceTree = "<group>"; };
		72922F011A483D7000CEC369 /* UIControl+Tracking.m */ = {isa = PBXFileReference; fileEncoding = 4; lastKnownFileType = sourcecode.c.objc; path = "UIControl+Tracking.m"; sourceTree = "<group>"; };
		72922F031A4849AA00CEC369 /* LogInfo.m */ = {isa = PBXFileReference; fileEncoding = 4; lastKnownFileType = sourcecode.c.objc; path = LogInfo.m; sourceTree = "<group>"; };
		72922F051A48572C00CEC369 /* UISegmentedControl+Tracking.h */ = {isa = PBXFileReference; fileEncoding = 4; lastKnownFileType = sourcecode.c.h; path = "UISegmentedControl+Tracking.h"; sourceTree = "<group>"; };
		72922F061A48572C00CEC369 /* UISegmentedControl+Tracking.m */ = {isa = PBXFileReference; fileEncoding = 4; lastKnownFileType = sourcecode.c.objc; path = "UISegmentedControl+Tracking.m"; sourceTree = "<group>"; };
		72922F0B1A4861D500CEC369 /* GLKit.framework */ = {isa = PBXFileReference; lastKnownFileType = wrapper.framework; name = GLKit.framework; path = System/Library/Frameworks/GLKit.framework; sourceTree = SDKROOT; };
		72922F0D1A4861D800CEC369 /* AdSupport.framework */ = {isa = PBXFileReference; lastKnownFileType = wrapper.framework; name = AdSupport.framework; path = System/Library/Frameworks/AdSupport.framework; sourceTree = SDKROOT; };
		72922F0F1A4861DD00CEC369 /* MapKit.framework */ = {isa = PBXFileReference; lastKnownFileType = wrapper.framework; name = MapKit.framework; path = System/Library/Frameworks/MapKit.framework; sourceTree = SDKROOT; };
		72922F121A48623300CEC369 /* iAd.framework */ = {isa = PBXFileReference; lastKnownFileType = wrapper.framework; name = iAd.framework; path = System/Library/Frameworks/iAd.framework; sourceTree = SDKROOT; };
		72C84E841A8A53790075EF99 /* NSUserDefaults+SaveCustomObject.h */ = {isa = PBXFileReference; fileEncoding = 4; lastKnownFileType = sourcecode.c.h; path = "NSUserDefaults+SaveCustomObject.h"; sourceTree = "<group>"; };
		72C84E851A8A53790075EF99 /* NSUserDefaults+SaveCustomObject.m */ = {isa = PBXFileReference; fileEncoding = 4; lastKnownFileType = sourcecode.c.objc; path = "NSUserDefaults+SaveCustomObject.m"; sourceTree = "<group>"; };
		72DC015F1A978013003F40BE /* libStaticAppAnalytics.a */ = {isa = PBXFileReference; explicitFileType = archive.ar; includeInIndex = 0; path = libStaticAppAnalytics.a; sourceTree = BUILT_PRODUCTS_DIR; };
/* End PBXFileReference section */

/* Begin PBXFrameworksBuildPhase section */
		7227C4B21A3F037F003A4C3D /* Frameworks */ = {
			isa = PBXFrameworksBuildPhase;
			buildActionMask = 2147483647;
			files = (
				724D758F1A8509CF00F2E61D /* StoreKit.framework in Frameworks */,
				72922F131A48623300CEC369 /* iAd.framework in Frameworks */,
				72922F101A4861DD00CEC369 /* MapKit.framework in Frameworks */,
				72922F0E1A4861D800CEC369 /* AdSupport.framework in Frameworks */,
				72922F0C1A4861D500CEC369 /* GLKit.framework in Frameworks */,
			);
			runOnlyForDeploymentPostprocessing = 0;
		};
		725795B71A4DA94E00D8572D /* Frameworks */ = {
			isa = PBXFrameworksBuildPhase;
			buildActionMask = 2147483647;
			files = (
			);
			runOnlyForDeploymentPostprocessing = 0;
		};
		726C9A031A949569003D03AE /* Frameworks */ = {
			isa = PBXFrameworksBuildPhase;
			buildActionMask = 2147483647;
			files = (
				7246C1001A94BC3D005C4810 /* SystemConfiguration.framework in Frameworks */,
				7246C0FE1A94BC38005C4810 /* MobileCoreServices.framework in Frameworks */,
			);
			runOnlyForDeploymentPostprocessing = 0;
		};
		72DC01561A978013003F40BE /* Frameworks */ = {
			isa = PBXFrameworksBuildPhase;
			buildActionMask = 2147483647;
			files = (
			);
			runOnlyForDeploymentPostprocessing = 0;
		};
/* End PBXFrameworksBuildPhase section */

/* Begin PBXGroup section */
		7227C4AC1A3F037F003A4C3D = {
			isa = PBXGroup;
			children = (
				7227C4B71A3F037F003A4C3D /* gestureprocessor */,
				72922F111A4861E200CEC369 /* Frameworks */,
				7227C4B61A3F037F003A4C3D /* Products */,
			);
			sourceTree = "<group>";
		};
		7227C4B61A3F037F003A4C3D /* Products */ = {
			isa = PBXGroup;
			children = (
				7227C4B51A3F037F003A4C3D /* gestureprocessor.app */,
				725795BA1A4DA94E00D8572D /* libAppAnalytics.a */,
				726C9A061A949569003D03AE /* libExt.a */,
				72DC015F1A978013003F40BE /* libStaticAppAnalytics.a */,
			);
			name = Products;
			sourceTree = "<group>";
		};
		7227C4B71A3F037F003A4C3D /* gestureprocessor */ = {
			isa = PBXGroup;
			children = (
				7227C4DF1A3F060A003A4C3D /* Libs */,
				7227C4F81A3F14B2003A4C3D /* Logic */,
				7227C4E11A3F060A003A4C3D /* UI */,
				7227C4BC1A3F037F003A4C3D /* AppDelegate.h */,
				7227C4BD1A3F037F003A4C3D /* AppDelegate.m */,
				7227C4DE1A3F03B9003A4C3D /* Resources */,
				7227C4B81A3F037F003A4C3D /* Supporting Files */,
			);
			path = gestureprocessor;
			sourceTree = "<group>";
		};
		7227C4B81A3F037F003A4C3D /* Supporting Files */ = {
			isa = PBXGroup;
			children = (
				7246C1051A94C237005C4810 /* gestureprocessor-Prefix.pch */,
				7227C4B91A3F037F003A4C3D /* Info.plist */,
				7227C4BA1A3F037F003A4C3D /* main.m */,
			);
			name = "Supporting Files";
			sourceTree = "<group>";
		};
		7227C4DE1A3F03B9003A4C3D /* Resources */ = {
			isa = PBXGroup;
			children = (
				7227C4F01A3F06BC003A4C3D /* Images.xcassets */,
			);
			path = Resources;
			sourceTree = SOURCE_ROOT;
		};
		7227C4DF1A3F060A003A4C3D /* Libs */ = {
			isa = PBXGroup;
			children = (
				727E6ACB1A4ACE7800822C51 /* HMFJSONResponseSerializerWithData */,
				727E6AAE1A4ACCDD00822C51 /* AFNetworking */,
				72672F271A49BF7E001FDC80 /* OpenUDID */,
				726C9A341A949665003D03AE /* NamespacedDependencies.h */,
			);
			path = Libs;
			sourceTree = "<group>";
		};
		7227C4E11A3F060A003A4C3D /* UI */ = {
			isa = PBXGroup;
			children = (
				7227C4EA1A3F0648003A4C3D /* View Controllers */,
				7227C4E91A3F0648003A4C3D /* Main.storyboard */,
				7227C4E21A3F060A003A4C3D /* LaunchScreen.xib */,
			);
			path = UI;
			sourceTree = "<group>";
		};
		7227C4EA1A3F0648003A4C3D /* View Controllers */ = {
			isa = PBXGroup;
			children = (
				7227C4EB1A3F0648003A4C3D /* ViewController.h */,
				7227C4EC1A3F0648003A4C3D /* ViewController.m */,
				720FF3111A88DEF900C29E42 /* TestViewController.h */,
				720FF3121A88DEF900C29E42 /* TestViewController.m */,
			);
			path = "View Controllers";
			sourceTree = "<group>";
		};
		7227C4F81A3F14B2003A4C3D /* Logic */ = {
			isa = PBXGroup;
			children = (
				7289A96E1A44475900CF5CF6 /* Categories */,
				7289A9721A44477D00CF5CF6 /* Data Types */,
				72672F231A49889B001FDC80 /* Helpers */,
				7289A9641A44401300CF5CF6 /* AppAnalytics.h */,
				7289A9651A44401300CF5CF6 /* AppAnalytics.m */,
				727B30C51A83B4E300162711 /* EventsManager.h */,
				727B30C61A83B4E300162711 /* EventsManager.m */,
				7289A96B1A44471E00CF5CF6 /* Logger.h */,
				7289A96C1A44471E00CF5CF6 /* Logger.m */,
				72672F241A4988C4001FDC80 /* ManifestBuilder.h */,
				72672F251A4988C4001FDC80 /* ManifestBuilder.m */,
				727E6B021A4B154D00822C51 /* ConnectionManager.h */,
				727E6B031A4B154D00822C51 /* ConnectionManager.m */,
			);
			path = Logic;
			sourceTree = "<group>";
		};
		72672F231A49889B001FDC80 /* Helpers */ = {
			isa = PBXGroup;
			children = (
				727E6AD11A4ACF1800822C51 /* GTConstants.h */,
				727E6AD21A4ACF1800822C51 /* GTConstants.m */,
				72922ED91A48155700CEC369 /* AppAnalyticsHelpers.h */,
				72922EDA1A48155700CEC369 /* AppAnalyticsHelpers.m */,
				72922EFD1A48339100CEC369 /* KeyboardWatcher.h */,
				72922EFE1A48339100CEC369 /* KeyboardWatcher.m */,
			);
			name = Helpers;
			sourceTree = "<group>";
		};
		72672F271A49BF7E001FDC80 /* OpenUDID */ = {
			isa = PBXGroup;
			children = (
				72672F281A49BF7E001FDC80 /* OpenUDID.h */,
				72672F291A49BF7E001FDC80 /* OpenUDID.m */,
			);
			path = OpenUDID;
			sourceTree = "<group>";
		};
		727E6AAE1A4ACCDD00822C51 /* AFNetworking */ = {
			isa = PBXGroup;
			children = (
				727E6AAF1A4ACCDD00822C51 /* AFHTTPRequestOperation.h */,
				727E6AB01A4ACCDD00822C51 /* AFHTTPRequestOperation.m */,
				727E6AB11A4ACCDD00822C51 /* AFHTTPRequestOperationManager.h */,
				727E6AB21A4ACCDD00822C51 /* AFHTTPRequestOperationManager.m */,
				727E6AB31A4ACCDD00822C51 /* AFHTTPSessionManager.h */,
				727E6AB41A4ACCDD00822C51 /* AFHTTPSessionManager.m */,
				727E6AB51A4ACCDD00822C51 /* AFNetworking.h */,
				727E6AB61A4ACCDD00822C51 /* AFNetworkReachabilityManager.h */,
				727E6AB71A4ACCDD00822C51 /* AFNetworkReachabilityManager.m */,
				727E6AB81A4ACCDD00822C51 /* AFSecurityPolicy.h */,
				727E6AB91A4ACCDD00822C51 /* AFSecurityPolicy.m */,
				727E6ABA1A4ACCDD00822C51 /* AFURLConnectionOperation.h */,
				727E6ABB1A4ACCDD00822C51 /* AFURLConnectionOperation.m */,
				727E6ABC1A4ACCDD00822C51 /* AFURLRequestSerialization.h */,
				727E6ABD1A4ACCDD00822C51 /* AFURLRequestSerialization.m */,
				727E6ABE1A4ACCDD00822C51 /* AFURLResponseSerialization.h */,
				727E6ABF1A4ACCDD00822C51 /* AFURLResponseSerialization.m */,
				727E6AC01A4ACCDD00822C51 /* AFURLSessionManager.h */,
				727E6AC11A4ACCDD00822C51 /* AFURLSessionManager.m */,
			);
			path = AFNetworking;
			sourceTree = "<group>";
		};
		727E6ACB1A4ACE7800822C51 /* HMFJSONResponseSerializerWithData */ = {
			isa = PBXGroup;
			children = (
				727E6ACC1A4ACE7800822C51 /* HMFJSONResponseSerializerWithData.h */,
				727E6ACD1A4ACE7800822C51 /* HMFJSONResponseSerializerWithData.m */,
			);
			path = HMFJSONResponseSerializerWithData;
			sourceTree = "<group>";
		};
		7289A96E1A44475900CF5CF6 /* Categories */ = {
			isa = PBXGroup;
			children = (
				72922EFA1A48300400CEC369 /* NSObject+Swizzling.h */,
				72922EFB1A48300400CEC369 /* NSObject+Swizzling.m */,
				7227C4F91A3F14BE003A4C3D /* UIWindow+Tracking.h */,
				7227C4FA1A3F14BE003A4C3D /* UIWindow+Tracking.m */,
				72922F001A483D7000CEC369 /* UIControl+Tracking.h */,
				72922F011A483D7000CEC369 /* UIControl+Tracking.m */,
				7289A97A1A447FEE00CF5CF6 /* UIResponder+Tracking.h */,
				7289A97B1A447FEE00CF5CF6 /* UIResponder+Tracking.m */,
				727E6AA51A4AB6C500822C51 /* UIViewController+Tracking.h */,
				727E6AA61A4AB6C500822C51 /* UIViewController+Tracking.m */,
				72922F051A48572C00CEC369 /* UISegmentedControl+Tracking.h */,
				72922F061A48572C00CEC369 /* UISegmentedControl+Tracking.m */,
				7289A9731A4462E200CF5CF6 /* UISwipeGestureRecognizer+DirectionString.h */,
				7289A9741A4462E200CF5CF6 /* UISwipeGestureRecognizer+DirectionString.m */,
				72672F201A4974AF001FDC80 /* UIGestureRecognizer+Type.h */,
				72672F211A4974AF001FDC80 /* UIGestureRecognizer+Type.m */,
				72C84E841A8A53790075EF99 /* NSUserDefaults+SaveCustomObject.h */,
				72C84E851A8A53790075EF99 /* NSUserDefaults+SaveCustomObject.m */,
			);
			name = Categories;
			sourceTree = "<group>";
		};
		7289A9721A44477D00CF5CF6 /* Data Types */ = {
			isa = PBXGroup;
			children = (
				727B30C21A83A8C700162711 /* Event.h */,
				727B30C31A83A8C700162711 /* Event.m */,
				7289A9761A4468AC00CF5CF6 /* LogInfo.h */,
				72922F031A4849AA00CEC369 /* LogInfo.m */,
				7289A96F1A44477800CF5CF6 /* GestureDetails.h */,
				7289A9701A44477800CF5CF6 /* GestureDetails.m */,
				7289A9771A4469BA00CF5CF6 /* ShakeDetails.h */,
				7289A9781A4469BA00CF5CF6 /* ShakeDetails.m */,
				727E6AA81A4AB71700822C51 /* NavigationDetails.h */,
				727E6AA91A4AB71700822C51 /* NavigationDetails.m */,
			);
			name = "Data Types";
			sourceTree = "<group>";
		};
		72922F111A4861E200CEC369 /* Frameworks */ = {
			isa = PBXGroup;
			children = (
				7246C0FF1A94BC3D005C4810 /* SystemConfiguration.framework */,
				7246C0FD1A94BC38005C4810 /* MobileCoreServices.framework */,
				724D758E1A8509CF00F2E61D /* StoreKit.framework */,
				72922F121A48623300CEC369 /* iAd.framework */,
				72922F0F1A4861DD00CEC369 /* MapKit.framework */,
				72922F0D1A4861D800CEC369 /* AdSupport.framework */,
				72922F0B1A4861D500CEC369 /* GLKit.framework */,
			);
			name = Frameworks;
			sourceTree = "<group>";
		};
/* End PBXGroup section */

/* Begin PBXHeadersBuildPhase section */
		723292CC1A9642E300850FEC /* Headers */ = {
			isa = PBXHeadersBuildPhase;
			buildActionMask = 2147483647;
			files = (
				723292CD1A9642E800850FEC /* AppAnalytics.h in Headers */,
			);
			runOnlyForDeploymentPostprocessing = 0;
		};
		72DC01591A978013003F40BE /* Headers */ = {
			isa = PBXHeadersBuildPhase;
			buildActionMask = 2147483647;
			files = (
				72DC015A1A978013003F40BE /* AppAnalytics.h in Headers */,
			);
			runOnlyForDeploymentPostprocessing = 0;
		};
/* End PBXHeadersBuildPhase section */

/* Begin PBXNativeTarget section */
		7227C4B41A3F037F003A4C3D /* gestureprocessor */ = {
			isa = PBXNativeTarget;
			buildConfigurationList = 7227C4D81A3F037F003A4C3D /* Build configuration list for PBXNativeTarget "gestureprocessor" */;
			buildPhases = (
				7227C4B11A3F037F003A4C3D /* Sources */,
				7227C4B21A3F037F003A4C3D /* Frameworks */,
				7227C4B31A3F037F003A4C3D /* Resources */,
				723292A51A96189900850FEC /* Embed Frameworks */,
			);
			buildRules = (
			);
			dependencies = (
			);
			name = gestureprocessor;
			productName = gestureprocessor;
			productReference = 7227C4B51A3F037F003A4C3D /* gestureprocessor.app */;
			productType = "com.apple.product-type.application";
		};
		725795B91A4DA94E00D8572D /* AppAnalytics */ = {
			isa = PBXNativeTarget;
			buildConfigurationList = 725795CB1A4DA94E00D8572D /* Build configuration list for PBXNativeTarget "AppAnalytics" */;
			buildPhases = (
				725795B61A4DA94E00D8572D /* Sources */,
				725795B71A4DA94E00D8572D /* Frameworks */,
				725795B81A4DA94E00D8572D /* Copy Files */,
				723292CC1A9642E300850FEC /* Headers */,
				723292CE1A96464000850FEC /* Prepare Framework */,
			);
			buildRules = (
			);
			dependencies = (
			);
			name = AppAnalytics;
			productName = gestureprocessorlib;
			productReference = 725795BA1A4DA94E00D8572D /* libAppAnalytics.a */;
			productType = "com.apple.product-type.library.static";
		};
		726C9A051A949569003D03AE /* Ext */ = {
			isa = PBXNativeTarget;
			buildConfigurationList = 726C9A171A949569003D03AE /* Build configuration list for PBXNativeTarget "Ext" */;
			buildPhases = (
				726C9A021A949569003D03AE /* Sources */,
				726C9A031A949569003D03AE /* Frameworks */,
				726C9A041A949569003D03AE /* CopyFiles */,
				726C9A331A94960F003D03AE /* ShellScript */,
			);
			buildRules = (
			);
			dependencies = (
			);
			name = Ext;
			productName = Libs;
			productReference = 726C9A061A949569003D03AE /* libExt.a */;
			productType = "com.apple.product-type.library.static";
		};
		72DC01341A978013003F40BE /* StaticAppAnalytics */ = {
			isa = PBXNativeTarget;
			buildConfigurationList = 72DC015C1A978013003F40BE /* Build configuration list for PBXNativeTarget "StaticAppAnalytics" */;
			buildPhases = (
				72DC01371A978013003F40BE /* Sources */,
				72DC01561A978013003F40BE /* Frameworks */,
				72DC01571A978013003F40BE /* CopyFiles */,
				72DC01591A978013003F40BE /* Headers */,
			);
			buildRules = (
			);
			dependencies = (
				72DC01351A978013003F40BE /* PBXTargetDependency */,
			);
			name = StaticAppAnalytics;
			productName = gestureprocessorlib;
			productReference = 72DC015F1A978013003F40BE /* libStaticAppAnalytics.a */;
			productType = "com.apple.product-type.library.static";
		};
/* End PBXNativeTarget section */

/* Begin PBXProject section */
		7227C4AD1A3F037F003A4C3D /* Project object */ = {
			isa = PBXProject;
			attributes = {
				LastUpgradeCheck = 0610;
				ORGANIZATIONNAME = "Vadim Bulavin";
				TargetAttributes = {
					7227C4B41A3F037F003A4C3D = {
						CreatedOnToolsVersion = 6.1.1;
					};
					723292C51A9623A900850FEC = {
						CreatedOnToolsVersion = 6.1.1;
					};
					725795B91A4DA94E00D8572D = {
						CreatedOnToolsVersion = 6.1.1;
					};
					726C9A051A949569003D03AE = {
						CreatedOnToolsVersion = 6.1.1;
					};
					72942EC61A4DBA7000974C79 = {
						CreatedOnToolsVersion = 6.1.1;
					};
				};
			};
			buildConfigurationList = 7227C4B01A3F037F003A4C3D /* Build configuration list for PBXProject "gestureprocessor" */;
			compatibilityVersion = "Xcode 3.2";
			developmentRegion = English;
			hasScannedForEncodings = 0;
			knownRegions = (
				en,
				Base,
			);
			mainGroup = 7227C4AC1A3F037F003A4C3D;
			productRefGroup = 7227C4B61A3F037F003A4C3D /* Products */;
			projectDirPath = "";
			projectRoot = "";
			targets = (
				7227C4B41A3F037F003A4C3D /* gestureprocessor */,
				725795B91A4DA94E00D8572D /* AppAnalytics */,
				72DC01341A978013003F40BE /* StaticAppAnalytics */,
				726C9A051A949569003D03AE /* Ext */,
				72942EC61A4DBA7000974C79 /* UniversalLib */,
				723292C51A9623A900850FEC /* Framework */,
			);
		};
/* End PBXProject section */

/* Begin PBXResourcesBuildPhase section */
		7227C4B31A3F037F003A4C3D /* Resources */ = {
			isa = PBXResourcesBuildPhase;
			buildActionMask = 2147483647;
			files = (
				7227C4F11A3F06BC003A4C3D /* Images.xcassets in Resources */,
				7227C4EE1A3F0648003A4C3D /* Main.storyboard in Resources */,
				7227C4E61A3F060A003A4C3D /* LaunchScreen.xib in Resources */,
			);
			runOnlyForDeploymentPostprocessing = 0;
		};
/* End PBXResourcesBuildPhase section */

/* Begin PBXShellScriptBuildPhase section */
		723292CB1A9623FE00850FEC /* ShellScript */ = {
			isa = PBXShellScriptBuildPhase;
			buildActionMask = 2147483647;
			files = (
			);
			inputPaths = (
			);
			outputPaths = (
			);
			runOnlyForDeploymentPostprocessing = 0;
			shellPath = /bin/sh;
			shellScript = "set -e\nset +u\n# Avoid recursively calling this script.\nif [[ $SF_MASTER_SCRIPT_RUNNING ]]\nthen\nexit 0\nfi\nset -u\nexport SF_MASTER_SCRIPT_RUNNING=1\n\nSF_TARGET_NAME=AppAnalytics\nSF_EXECUTABLE_PATH=\"lib${SF_TARGET_NAME}.a\"\nSF_WRAPPER_NAME=\"${SF_TARGET_NAME}.framework\"\n\n# The following conditionals come from\n# https://github.com/kstenerud/iOS-Universal-Framework\n\nif [[ \"$SDK_NAME\" =~ ([A-Za-z]+) ]]\nthen\nSF_SDK_PLATFORM=${BASH_REMATCH[1]}\nelse\necho \"Could not find platform name from SDK_NAME: $SDK_NAME\"\nexit 1\nfi\n\nif [[ \"$SDK_NAME\" =~ ([0-9]+.*$) ]]\nthen\nSF_SDK_VERSION=${BASH_REMATCH[1]}\nelse\necho \"Could not find sdk version from SDK_NAME: $SDK_NAME\"\nexit 1\nfi\n\nif [[ \"$SF_SDK_PLATFORM\" = \"iphoneos\" ]]\nthen\nSF_OTHER_PLATFORM=iphonesimulator\nelse\nSF_OTHER_PLATFORM=iphoneos\nfi\n\nif [[ \"$BUILT_PRODUCTS_DIR\" =~ (.*)$SF_SDK_PLATFORM$ ]]\nthen\nSF_OTHER_BUILT_PRODUCTS_DIR=\"${BASH_REMATCH[1]}${SF_OTHER_PLATFORM}\"\nelse\necho \"Could not find platform name from build products directory: $BUILT_PRODUCTS_DIR\"\nexit 1\nfi\n\n# Build the other platform.\nxcrun xcodebuild -project \"${PROJECT_FILE_PATH}\" -target \"${TARGET_NAME}\" -configuration \"${CONFIGURATION}\" -sdk ${SF_OTHER_PLATFORM}${SF_SDK_VERSION} BUILD_DIR=\"${BUILD_DIR}\" OBJROOT=\"${OBJROOT}\" BUILD_ROOT=\"${BUILD_ROOT}\" SYMROOT=\"${SYMROOT}\" $ACTION\n\n# Smash the two static libraries into one fat binary and store it in the .framework\nxcrun lipo -create \"${BUILT_PRODUCTS_DIR}/${SF_EXECUTABLE_PATH}\" \"${SF_OTHER_BUILT_PRODUCTS_DIR}/${SF_EXECUTABLE_PATH}\" -output \"${BUILT_PRODUCTS_DIR}/${SF_WRAPPER_NAME}/Versions/A/${SF_TARGET_NAME}\"\n\n# Copy the binary to the other architecture folder to have a complete framework in both.\ncp -a \"${BUILT_PRODUCTS_DIR}/${SF_WRAPPER_NAME}/Versions/A/${SF_TARGET_NAME}\" \"${SF_OTHER_BUILT_PRODUCTS_DIR}/${SF_WRAPPER_NAME}/Versions/A/${SF_TARGET_NAME}\"";
		};
		723292CE1A96464000850FEC /* Prepare Framework */ = {
			isa = PBXShellScriptBuildPhase;
			buildActionMask = 2147483647;
			files = (
			);
			inputPaths = (
			);
			name = "Prepare Framework";
			outputPaths = (
			);
			runOnlyForDeploymentPostprocessing = 0;
			shellPath = /bin/sh;
			shellScript = "set -e\n\nmkdir -p \"${BUILT_PRODUCTS_DIR}/${PRODUCT_NAME}.framework/Versions/A/Headers\"\n\n# Link the \"Current\" version to \"A\"\n/bin/ln -sfh A \"${BUILT_PRODUCTS_DIR}/${PRODUCT_NAME}.framework/Versions/Current\"\n/bin/ln -sfh Versions/Current/Headers \"${BUILT_PRODUCTS_DIR}/${PRODUCT_NAME}.framework/Headers\"\n/bin/ln -sfh \"Versions/Current/${PRODUCT_NAME}\" \"${BUILT_PRODUCTS_DIR}/${PRODUCT_NAME}.framework/${PRODUCT_NAME}\"\n\n# The -a ensures that the headers maintain the source modification date so that we don't constantly\n# cause propagating rebuilds of files that import these headers.\n/bin/cp -a \"${TARGET_BUILD_DIR}/${PUBLIC_HEADERS_FOLDER_PATH}/\" \"${BUILT_PRODUCTS_DIR}/${PRODUCT_NAME}.framework/Versions/A/Headers\"";
		};
		726C9A331A94960F003D03AE /* ShellScript */ = {
			isa = PBXShellScriptBuildPhase;
			buildActionMask = 2147483647;
			files = (
			);
			inputPaths = (
			);
			outputPaths = (
			);
			runOnlyForDeploymentPostprocessing = 0;
			shellPath = /bin/sh;
			shellScript = "# This script is a modified version of this: https://github.com/jverkoey/nimbus/blob/master/scripts/generate_namespace_header\n\nheader=$SRCROOT/gestureprocessor/Libs/NamespacedDependencies.h\nprefix=\"AA\"\n\necho \"Generating $header from $CODESIGNING_FOLDER_PATH...\"\n\necho \"// Namespaced Header\n\n#ifndef __NS_SYMBOL\n// We need to have multiple levels of macros here so that __NAMESPACE_PREFIX_ is\n// properly replaced by the time we concatenate the namespace prefix.\n#define __NS_REWRITE(ns, symbol) ns ## _ ## symbol\n#define __NS_BRIDGE(ns, symbol) __NS_REWRITE(ns, symbol)\n#define __NS_SYMBOL(symbol) __NS_BRIDGE($prefix, symbol)\n#endif\n\n\" > $header\n\n# The following one-liner is a bit of a pain in the ass.\n# Breakdown:\n#\n# nm $CODESIGNING_FOLDER_PATH -j\n# Dump all of the symbols from the compiled library. This will include all UIKit\n# and Foundation symbols as well.\n#\n# | grep \"^_OBJC_CLASS_$_\"\n# Filter out the interfaces.\n#\n# | grep -v \"\\$_NS\"\n# Remove all Foundation classes.\n#\n# | grep -v \"\\$_UI\"\n# Remove all UIKit classes.\n#\n# | sed -e 's/_OBJC_CLASS_\\$_\\(.*\\)/#ifndef \\1\\'$'\\n''#define \\1 __NS_SYMBOL(\\1)\\'$'\\n''#endif/g'\n# I use the syntax outlined here:\n# http://stackoverflow.com/questions/6761796/bash-perl-or-sed-insert-on-new-line-after-found-phrase\n# to create newlines so that we can write the following on separate lines:\n#\n#  #ifndef ...\n#  #define ...\n#  #endif\n#\n\necho \"// Classes\" >> $header\n\nnm $CODESIGNING_FOLDER_PATH -j | sort | uniq | grep \"^_OBJC_CLASS_\\$_\" | grep -v \"\\$_AGSGT\" | grep -v \"\\$_CL\" | grep -v \"\\$_NS\" | grep -v \"\\$_UI\" | sed -e 's/_OBJC_CLASS_\\$_\\(.*\\)/#ifndef \\1\\'$'\\n''#define \\1 __NS_SYMBOL(\\1)\\'$'\\n''#endif\\'$'\\n''/g' >> $header\n\necho \"// Functions\" >> $header\n\nnm $CODESIGNING_FOLDER_PATH | sort | uniq | grep \" T \" | cut -d' ' -f3 | grep -v \"\\$_NS\" | grep -v \"\\$_UI\" | sed -e 's/_\\(.*\\)/#ifndef \\1\\'$'\\n''#define \\1 __NS_SYMBOL(\\1)\\'$'\\n''#endif\\'$'\\n''/g' >> $header\n\necho \"// Externs\" >> $header\n\nnm $CODESIGNING_FOLDER_PATH | sort | uniq | grep \" D \" | cut -d' ' -f3 | grep -v \"\\$_NS\" | grep -v \"\\$_UI\" | sed -e 's/_\\(.*\\)/#ifndef \\1\\'$'\\n''#define \\1 __NS_SYMBOL(\\1)\\'$'\\n''#endif\\'$'\\n''/g' >> $header\n\nnm $CODESIGNING_FOLDER_PATH | sort | uniq | grep \" S \" | cut -d' ' -f3 | grep -v \"\\$_NS\" | grep -v \".eh\" | grep -v \"\\$_UI\" | grep -v \"OBJC_\" | sed -e 's/_\\(.*\\)/#ifndef \\1\\'$'\\n''#define \\1 __NS_SYMBOL(\\1)\\'$'\\n''#endif\\'$'\\n''/g' >> $header\n\n";
		};
		72942ECA1A4DBA7E00974C79 /* ShellScript */ = {
			isa = PBXShellScriptBuildPhase;
			buildActionMask = 2147483647;
			files = (
			);
			inputPaths = (
			);
			outputPaths = (
			);
			runOnlyForDeploymentPostprocessing = 0;
			shellPath = /bin/sh;
			shellScript = "TARGET_NAME=StaticAppAnalytics\nOUTPUT_NAME=AppAnalytics\n\nxcodebuild -target \"${TARGET_NAME}\" -configuration 'Release' -sdk 'iphoneos8.1' clean build ARCHS='armv7 armv7s' IPHONEOS_DEPLOYMENT_TARGET='7.0' TARGET_BUILD_DIR='./build-arm' BUILT_PRODUCTS_DIR='./build-arm'\n\nxcodebuild -target \"${TARGET_NAME}\" -configuration 'Release' -sdk 'iphoneos8.1' clean build ARCHS='arm64' IPHONEOS_DEPLOYMENT_TARGET='7.0' TARGET_BUILD_DIR='./build-arm64' BUILT_PRODUCTS_DIR='./build-arm64'\n\nxcodebuild -target \"${TARGET_NAME}\" -configuration 'Release' -sdk 'iphonesimulator8.1' clean build ARCHS='i386' IPHONEOS_DEPLOYMENT_TARGET='7.0' TARGET_BUILD_DIR='./build-i386' BUILT_PRODUCTS_DIR='./build-i386'\n\nxcodebuild -target \"${TARGET_NAME}\" -configuration 'Release' -sdk 'iphonesimulator8.1' clean build ARCHS='x86_64' VALID_ARCHS='x86_64' IPHONEOS_DEPLOYMENT_TARGET='7.0' TARGET_BUILD_DIR='./build-x86_64' BUILT_PRODUCTS_DIR='./build-x86_64'\n\nlipo -create \"./build-arm/lib${TARGET_NAME}.a\" \"./build-arm64/lib${TARGET_NAME}.a\" \"./build-i386/lib${TARGET_NAME}.a\" \"./build-x86_64/lib${TARGET_NAME}.a\" -output \"${OUTPUT_NAME}.a\"";
		};
/* End PBXShellScriptBuildPhase section */

/* Begin PBXSourcesBuildPhase section */
		7227C4B11A3F037F003A4C3D /* Sources */ = {
			isa = PBXSourcesBuildPhase;
			buildActionMask = 2147483647;
			files = (
				7246C1071A94C30B005C4810 /* TestViewController.m in Sources */,
				7246C1061A94C309005C4810 /* ViewController.m in Sources */,
				727E6AC71A4ACCDD00822C51 /* AFURLConnectionOperation.m in Sources */,
				7289A9711A44477800CF5CF6 /* GestureDetails.m in Sources */,
				727E6ACF1A4ACE7800822C51 /* HMFJSONResponseSerializerWithData.m in Sources */,
				727E6AC21A4ACCDD00822C51 /* AFHTTPRequestOperation.m in Sources */,
				727E6AC91A4ACCDD00822C51 /* AFURLResponseSerialization.m in Sources */,
				727B30C41A83A8C700162711 /* Event.m in Sources */,
				72672F2A1A49BF7E001FDC80 /* OpenUDID.m in Sources */,
				7227C4BE1A3F037F003A4C3D /* AppDelegate.m in Sources */,
				727E6B041A4B154D00822C51 /* ConnectionManager.m in Sources */,
				72922EFC1A48300400CEC369 /* NSObject+Swizzling.m in Sources */,
				727E6AA71A4AB6C500822C51 /* UIViewController+Tracking.m in Sources */,
				72922F071A48572C00CEC369 /* UISegmentedControl+Tracking.m in Sources */,
				727B30C71A83B4E300162711 /* EventsManager.m in Sources */,
				72922F021A483D7000CEC369 /* UIControl+Tracking.m in Sources */,
				72C84E861A8A53790075EF99 /* NSUserDefaults+SaveCustomObject.m in Sources */,
				72922EFF1A48339100CEC369 /* KeyboardWatcher.m in Sources */,
				727E6AC61A4ACCDD00822C51 /* AFSecurityPolicy.m in Sources */,
				727E6ACA1A4ACCDD00822C51 /* AFURLSessionManager.m in Sources */,
				7227C4FB1A3F14BE003A4C3D /* UIWindow+Tracking.m in Sources */,
				72672F221A4974AF001FDC80 /* UIGestureRecognizer+Type.m in Sources */,
				727E6AC41A4ACCDD00822C51 /* AFHTTPSessionManager.m in Sources */,
				7289A9751A4462E200CF5CF6 /* UISwipeGestureRecognizer+DirectionString.m in Sources */,
				727E6AC51A4ACCDD00822C51 /* AFNetworkReachabilityManager.m in Sources */,
				727E6AC31A4ACCDD00822C51 /* AFHTTPRequestOperationManager.m in Sources */,
				727E6AC81A4ACCDD00822C51 /* AFURLRequestSerialization.m in Sources */,
				7289A9661A44401300CF5CF6 /* AppAnalytics.m in Sources */,
				72672F261A4988C4001FDC80 /* ManifestBuilder.m in Sources */,
				727E6AD31A4ACF1800822C51 /* GTConstants.m in Sources */,
				7289A96D1A44471E00CF5CF6 /* Logger.m in Sources */,
				72922EDB1A48155700CEC369 /* AppAnalyticsHelpers.m in Sources */,
				72922F041A4849AA00CEC369 /* LogInfo.m in Sources */,
				727E6AAA1A4AB71700822C51 /* NavigationDetails.m in Sources */,
				7289A97C1A447FEE00CF5CF6 /* UIResponder+Tracking.m in Sources */,
				7227C4BB1A3F037F003A4C3D /* main.m in Sources */,
				7289A9791A4469BA00CF5CF6 /* ShakeDetails.m in Sources */,
			);
			runOnlyForDeploymentPostprocessing = 0;
		};
		725795B61A4DA94E00D8572D /* Sources */ = {
			isa = PBXSourcesBuildPhase;
			buildActionMask = 2147483647;
			files = (
				72DC01671A978432003F40BE /* NSUserDefaults+SaveCustomObject.m in Sources */,
				72DC01621A97841A003F40BE /* Event.m in Sources */,
				72DC01631A97841A003F40BE /* EventsManager.m in Sources */,
				726C9A381A949DD4003D03AE /* HMFJSONResponseSerializerWithData.m in Sources */,
				726C9A391A949DD4003D03AE /* AFHTTPRequestOperation.m in Sources */,
				726C9A3A1A949DD4003D03AE /* AFHTTPRequestOperationManager.m in Sources */,
				726C9A3B1A949DD4003D03AE /* AFHTTPSessionManager.m in Sources */,
				726C9A3C1A949DD4003D03AE /* AFNetworkReachabilityManager.m in Sources */,
				726C9A3D1A949DD4003D03AE /* AFSecurityPolicy.m in Sources */,
				726C9A3E1A949DD4003D03AE /* AFURLConnectionOperation.m in Sources */,
				726C9A3F1A949DD4003D03AE /* AFURLRequestSerialization.m in Sources */,
				726C9A401A949DD4003D03AE /* AFURLResponseSerialization.m in Sources */,
				726C9A411A949DD4003D03AE /* AFURLSessionManager.m in Sources */,
				726C9A421A949DD4003D03AE /* OpenUDID.m in Sources */,
				725795DC1A4DA99E00D8572D /* NSObject+Swizzling.m in Sources */,
				725795DD1A4DA99E00D8572D /* UIWindow+Tracking.m in Sources */,
				725795DE1A4DA99E00D8572D /* UIControl+Tracking.m in Sources */,
				725795DF1A4DA99E00D8572D /* UIResponder+Tracking.m in Sources */,
				725795E01A4DA99E00D8572D /* UIViewController+Tracking.m in Sources */,
				725795E11A4DA99E00D8572D /* UISegmentedControl+Tracking.m in Sources */,
				725795E21A4DA99E00D8572D /* UISwipeGestureRecognizer+DirectionString.m in Sources */,
				725795E31A4DA99E00D8572D /* UIGestureRecognizer+Type.m in Sources */,
				725795E41A4DA99E00D8572D /* LogInfo.m in Sources */,
				725795E51A4DA99E00D8572D /* GestureDetails.m in Sources */,
				725795E61A4DA99E00D8572D /* ShakeDetails.m in Sources */,
				725795E71A4DA99E00D8572D /* NavigationDetails.m in Sources */,
				725795E81A4DA99E00D8572D /* GTConstants.m in Sources */,
				725795E91A4DA99E00D8572D /* AppAnalyticsHelpers.m in Sources */,
				725795EA1A4DA99E00D8572D /* KeyboardWatcher.m in Sources */,
				725795EB1A4DA99E00D8572D /* AppAnalytics.m in Sources */,
				725795EC1A4DA99E00D8572D /* Logger.m in Sources */,
				725795ED1A4DA99E00D8572D /* ManifestBuilder.m in Sources */,
				725795EE1A4DA99E00D8572D /* ConnectionManager.m in Sources */,
			);
			runOnlyForDeploymentPostprocessing = 0;
		};
		726C9A021A949569003D03AE /* Sources */ = {
			isa = PBXSourcesBuildPhase;
			buildActionMask = 2147483647;
			files = (
				726C9A1F1A9495DA003D03AE /* AFHTTPRequestOperation.m in Sources */,
				726C9A211A9495DA003D03AE /* AFHTTPRequestOperationManager.m in Sources */,
				726C9A231A9495DA003D03AE /* AFHTTPSessionManager.m in Sources */,
				726C9A261A9495DA003D03AE /* AFNetworkReachabilityManager.m in Sources */,
				726C9A281A9495DA003D03AE /* AFSecurityPolicy.m in Sources */,
				726C9A2A1A9495DA003D03AE /* AFURLConnectionOperation.m in Sources */,
				726C9A2C1A9495DA003D03AE /* AFURLRequestSerialization.m in Sources */,
				726C9A2E1A9495DA003D03AE /* AFURLResponseSerialization.m in Sources */,
				726C9A301A9495DA003D03AE /* AFURLSessionManager.m in Sources */,
				726C9A321A9495DA003D03AE /* OpenUDID.m in Sources */,
			);
			runOnlyForDeploymentPostprocessing = 0;
		};
		72DC01371A978013003F40BE /* Sources */ = {
			isa = PBXSourcesBuildPhase;
			buildActionMask = 2147483647;
			files = (
				72DC01641A978429003F40BE /* NSUserDefaults+SaveCustomObject.m in Sources */,
				72DC01651A978429003F40BE /* Event.m in Sources */,
				72DC01661A978429003F40BE /* EventsManager.m in Sources */,
				72DC01381A978013003F40BE /* HMFJSONResponseSerializerWithData.m in Sources */,
				72DC01391A978013003F40BE /* AFHTTPRequestOperation.m in Sources */,
				72DC013A1A978013003F40BE /* AFHTTPRequestOperationManager.m in Sources */,
				72DC013B1A978013003F40BE /* AFHTTPSessionManager.m in Sources */,
				72DC013C1A978013003F40BE /* AFNetworkReachabilityManager.m in Sources */,
				72DC013D1A978013003F40BE /* AFSecurityPolicy.m in Sources */,
				72DC013E1A978013003F40BE /* AFURLConnectionOperation.m in Sources */,
				72DC013F1A978013003F40BE /* AFURLRequestSerialization.m in Sources */,
				72DC01401A978013003F40BE /* AFURLResponseSerialization.m in Sources */,
				72DC01411A978013003F40BE /* AFURLSessionManager.m in Sources */,
				72DC01421A978013003F40BE /* OpenUDID.m in Sources */,
				72DC01431A978013003F40BE /* NSObject+Swizzling.m in Sources */,
				72DC01441A978013003F40BE /* UIWindow+Tracking.m in Sources */,
				72DC01451A978013003F40BE /* UIControl+Tracking.m in Sources */,
				72DC01461A978013003F40BE /* UIResponder+Tracking.m in Sources */,
				72DC01471A978013003F40BE /* UIViewController+Tracking.m in Sources */,
				72DC01481A978013003F40BE /* UISegmentedControl+Tracking.m in Sources */,
				72DC01491A978013003F40BE /* UISwipeGestureRecognizer+DirectionString.m in Sources */,
				72DC014A1A978013003F40BE /* UIGestureRecognizer+Type.m in Sources */,
				72DC014B1A978013003F40BE /* LogInfo.m in Sources */,
				72DC014C1A978013003F40BE /* GestureDetails.m in Sources */,
				72DC014D1A978013003F40BE /* ShakeDetails.m in Sources */,
				72DC014E1A978013003F40BE /* NavigationDetails.m in Sources */,
				72DC014F1A978013003F40BE /* GTConstants.m in Sources */,
				72DC01501A978013003F40BE /* AppAnalyticsHelpers.m in Sources */,
				72DC01511A978013003F40BE /* KeyboardWatcher.m in Sources */,
				72DC01521A978013003F40BE /* AppAnalytics.m in Sources */,
				72DC01531A978013003F40BE /* Logger.m in Sources */,
				72DC01541A978013003F40BE /* ManifestBuilder.m in Sources */,
				72DC01551A978013003F40BE /* ConnectionManager.m in Sources */,
			);
			runOnlyForDeploymentPostprocessing = 0;
		};
/* End PBXSourcesBuildPhase section */

/* Begin PBXTargetDependency section */
		723292CA1A9623C300850FEC /* PBXTargetDependency */ = {
			isa = PBXTargetDependency;
			target = 725795B91A4DA94E00D8572D /* AppAnalytics */;
			targetProxy = 723292C91A9623C300850FEC /* PBXContainerItemProxy */;
		};
		72DC01351A978013003F40BE /* PBXTargetDependency */ = {
			isa = PBXTargetDependency;
			target = 726C9A051A949569003D03AE /* Ext */;
			targetProxy = 72DC01361A978013003F40BE /* PBXContainerItemProxy */;
		};
/* End PBXTargetDependency section */

/* Begin XCBuildConfiguration section */
		7227C4D61A3F037F003A4C3D /* Debug */ = {
			isa = XCBuildConfiguration;
			buildSettings = {
				ALWAYS_SEARCH_USER_PATHS = NO;
				CLANG_CXX_LANGUAGE_STANDARD = "gnu++0x";
				CLANG_CXX_LIBRARY = "libc++";
				CLANG_ENABLE_MODULES = YES;
				CLANG_ENABLE_OBJC_ARC = YES;
				CLANG_WARN_BOOL_CONVERSION = YES;
				CLANG_WARN_CONSTANT_CONVERSION = YES;
				CLANG_WARN_DIRECT_OBJC_ISA_USAGE = YES_ERROR;
				CLANG_WARN_EMPTY_BODY = YES;
				CLANG_WARN_ENUM_CONVERSION = YES;
				CLANG_WARN_INT_CONVERSION = YES;
				CLANG_WARN_OBJC_ROOT_CLASS = YES_ERROR;
				CLANG_WARN_UNREACHABLE_CODE = YES;
				CLANG_WARN__DUPLICATE_METHOD_MATCH = YES;
				"CODE_SIGN_IDENTITY[sdk=iphoneos*]" = "iPhone Developer";
				COPY_PHASE_STRIP = NO;
				ENABLE_STRICT_OBJC_MSGSEND = YES;
				GCC_C_LANGUAGE_STANDARD = gnu99;
				GCC_DYNAMIC_NO_PIC = NO;
				GCC_OPTIMIZATION_LEVEL = 0;
				GCC_PREFIX_HEADER = "gestureprocessor/gestureprocessor-Prefix.pch";
				GCC_PREPROCESSOR_DEFINITIONS = (
					"DEBUG=1",
					"$(inherited)",
				);
				GCC_SYMBOLS_PRIVATE_EXTERN = NO;
				GCC_WARN_64_TO_32_BIT_CONVERSION = YES;
				GCC_WARN_ABOUT_RETURN_TYPE = YES_ERROR;
				GCC_WARN_UNDECLARED_SELECTOR = YES;
				GCC_WARN_UNINITIALIZED_AUTOS = YES_AGGRESSIVE;
				GCC_WARN_UNUSED_FUNCTION = YES;
				GCC_WARN_UNUSED_VARIABLE = YES;
				IPHONEOS_DEPLOYMENT_TARGET = 7.0;
				MTL_ENABLE_DEBUG_INFO = YES;
				ONLY_ACTIVE_ARCH = NO;
				SDKROOT = iphoneos;
				TARGETED_DEVICE_FAMILY = "1,2";
			};
			name = Debug;
		};
		7227C4D71A3F037F003A4C3D /* Release */ = {
			isa = XCBuildConfiguration;
			buildSettings = {
				ALWAYS_SEARCH_USER_PATHS = NO;
				CLANG_CXX_LANGUAGE_STANDARD = "gnu++0x";
				CLANG_CXX_LIBRARY = "libc++";
				CLANG_ENABLE_MODULES = YES;
				CLANG_ENABLE_OBJC_ARC = YES;
				CLANG_WARN_BOOL_CONVERSION = YES;
				CLANG_WARN_CONSTANT_CONVERSION = YES;
				CLANG_WARN_DIRECT_OBJC_ISA_USAGE = YES_ERROR;
				CLANG_WARN_EMPTY_BODY = YES;
				CLANG_WARN_ENUM_CONVERSION = YES;
				CLANG_WARN_INT_CONVERSION = YES;
				CLANG_WARN_OBJC_ROOT_CLASS = YES_ERROR;
				CLANG_WARN_UNREACHABLE_CODE = YES;
				CLANG_WARN__DUPLICATE_METHOD_MATCH = YES;
				"CODE_SIGN_IDENTITY[sdk=iphoneos*]" = "iPhone Developer";
				COPY_PHASE_STRIP = NO;
				ENABLE_NS_ASSERTIONS = NO;
				ENABLE_STRICT_OBJC_MSGSEND = YES;
				GCC_C_LANGUAGE_STANDARD = gnu99;
				GCC_PREFIX_HEADER = "gestureprocessor/gestureprocessor-Prefix.pch";
				GCC_WARN_64_TO_32_BIT_CONVERSION = YES;
				GCC_WARN_ABOUT_RETURN_TYPE = YES_ERROR;
				GCC_WARN_UNDECLARED_SELECTOR = YES;
				GCC_WARN_UNINITIALIZED_AUTOS = YES_AGGRESSIVE;
				GCC_WARN_UNUSED_FUNCTION = YES;
				GCC_WARN_UNUSED_VARIABLE = YES;
				IPHONEOS_DEPLOYMENT_TARGET = 7.0;
				MTL_ENABLE_DEBUG_INFO = NO;
				SDKROOT = iphoneos;
				TARGETED_DEVICE_FAMILY = "1,2";
				VALIDATE_PRODUCT = YES;
			};
			name = Release;
		};
		7227C4D91A3F037F003A4C3D /* Debug */ = {
			isa = XCBuildConfiguration;
			buildSettings = {
				ASSETCATALOG_COMPILER_APPICON_NAME = AppIcon;
				CODE_SIGN_IDENTITY = "iPhone Developer";
				GCC_PRECOMPILE_PREFIX_HEADER = NO;
				INFOPLIST_FILE = gestureprocessor/Info.plist;
				LD_RUNPATH_SEARCH_PATHS = "$(inherited) @executable_path/Frameworks";
				PRODUCT_NAME = "$(TARGET_NAME)";
			};
			name = Debug;
		};
		7227C4DA1A3F037F003A4C3D /* Release */ = {
			isa = XCBuildConfiguration;
			buildSettings = {
				ASSETCATALOG_COMPILER_APPICON_NAME = AppIcon;
				CODE_SIGN_IDENTITY = "iPhone Developer";
				GCC_PRECOMPILE_PREFIX_HEADER = NO;
				INFOPLIST_FILE = gestureprocessor/Info.plist;
				LD_RUNPATH_SEARCH_PATHS = "$(inherited) @executable_path/Frameworks";
				PRODUCT_NAME = "$(TARGET_NAME)";
			};
			name = Release;
		};
		723292C71A9623AA00850FEC /* Debug */ = {
			isa = XCBuildConfiguration;
			buildSettings = {
				ARCHS = (
					"$(ARCHS_STANDARD)",
					armv7s,
				);
				ONLY_ACTIVE_ARCH = NO;
				PRODUCT_NAME = "$(TARGET_NAME)";
			};
			name = Debug;
		};
		723292C81A9623AA00850FEC /* Release */ = {
			isa = XCBuildConfiguration;
			buildSettings = {
				ARCHS = (
					"$(ARCHS_STANDARD)",
					armv7s,
				);
				PRODUCT_NAME = "$(TARGET_NAME)";
			};
			name = Release;
		};
		725795CC1A4DA94E00D8572D /* Debug */ = {
			isa = XCBuildConfiguration;
			buildSettings = {
				ARCHS = (
					"$(ARCHS_STANDARD)",
					armv7s,
				);
				DEAD_CODE_STRIPPING = NO;
				GCC_PREPROCESSOR_DEFINITIONS = (
					"DEBUG=1",
					"$(inherited)",
				);
				IPHONEOS_DEPLOYMENT_TARGET = 7.0;
				ONLY_ACTIVE_ARCH = NO;
				OTHER_LDFLAGS = "-ObjC";
				PRODUCT_MODULE_NAME = gestureprocessor;
				PRODUCT_NAME = AppAnalytics;
				PUBLIC_HEADERS_FOLDER_PATH = Headers;
				SKIP_INSTALL = YES;
				STRIP_STYLE = "non-global";
			};
			name = Debug;
		};
		725795CD1A4DA94E00D8572D /* Release */ = {
			isa = XCBuildConfiguration;
			buildSettings = {
				ARCHS = (
					"$(ARCHS_STANDARD)",
					armv7s,
				);
				COPY_PHASE_STRIP = NO;
				DEAD_CODE_STRIPPING = NO;
				IPHONEOS_DEPLOYMENT_TARGET = 7.0;
				OTHER_LDFLAGS = "-ObjC";
				PRODUCT_MODULE_NAME = gestureprocessor;
				PRODUCT_NAME = AppAnalytics;
				PUBLIC_HEADERS_FOLDER_PATH = Headers;
				SKIP_INSTALL = YES;
				STRIP_STYLE = "non-global";
			};
			name = Release;
		};
		726C9A181A949569003D03AE /* Debug */ = {
			isa = XCBuildConfiguration;
			buildSettings = {
				GCC_PREPROCESSOR_DEFINITIONS = (
					"DEBUG=1",
					"$(inherited)",
				);
				IPHONEOS_DEPLOYMENT_TARGET = 7.0;
				OTHER_LDFLAGS = "-ObjC";
				PRODUCT_NAME = "$(TARGET_NAME)";
				SKIP_INSTALL = YES;
			};
			name = Debug;
		};
		726C9A191A949569003D03AE /* Release */ = {
			isa = XCBuildConfiguration;
			buildSettings = {
				IPHONEOS_DEPLOYMENT_TARGET = 7.0;
				OTHER_LDFLAGS = "-ObjC";
				PRODUCT_NAME = "$(TARGET_NAME)";
				SKIP_INSTALL = YES;
			};
			name = Release;
		};
		72942EC71A4DBA7100974C79 /* Debug */ = {
			isa = XCBuildConfiguration;
			buildSettings = {
				PRODUCT_NAME = "$(TARGET_NAME)";
			};
			name = Debug;
		};
		72942EC81A4DBA7100974C79 /* Release */ = {
			isa = XCBuildConfiguration;
			buildSettings = {
				PRODUCT_NAME = "$(TARGET_NAME)";
			};
			name = Release;
		};
		72DC015D1A978013003F40BE /* Debug */ = {
			isa = XCBuildConfiguration;
			buildSettings = {
				ARCHS = (
					"$(ARCHS_STANDARD)",
					armv7s,
				);
				DEAD_CODE_STRIPPING = NO;
				GCC_PREPROCESSOR_DEFINITIONS = (
					"DEBUG=1",
					"$(inherited)",
				);
				IPHONEOS_DEPLOYMENT_TARGET = 7.0;
				ONLY_ACTIVE_ARCH = NO;
				OTHER_LDFLAGS = "-ObjC";
				PRODUCT_MODULE_NAME = gestureprocessor;
				PRODUCT_NAME = StaticAppAnalytics;
				PUBLIC_HEADERS_FOLDER_PATH = Headers;
				SKIP_INSTALL = YES;
				STRIP_STYLE = "non-global";
			};
			name = Debug;
		};
		72DC015E1A978013003F40BE /* Release */ = {
			isa = XCBuildConfiguration;
			buildSettings = {
				ARCHS = (
					"$(ARCHS_STANDARD)",
					armv7s,
				);
				COPY_PHASE_STRIP = NO;
				DEAD_CODE_STRIPPING = NO;
				IPHONEOS_DEPLOYMENT_TARGET = 7.0;
				OTHER_LDFLAGS = "-ObjC";
				PRODUCT_MODULE_NAME = gestureprocessor;
				PRODUCT_NAME = StaticAppAnalytics;
				PUBLIC_HEADERS_FOLDER_PATH = Headers;
				SKIP_INSTALL = YES;
				STRIP_STYLE = "non-global";
			};
			name = Release;
		};
/* End XCBuildConfiguration section */

/* Begin XCConfigurationList section */
		7227C4B01A3F037F003A4C3D /* Build configuration list for PBXProject "gestureprocessor" */ = {
			isa = XCConfigurationList;
			buildConfigurations = (
				7227C4D61A3F037F003A4C3D /* Debug */,
				7227C4D71A3F037F003A4C3D /* Release */,
			);
			defaultConfigurationIsVisible = 0;
			defaultConfigurationName = Release;
		};
		7227C4D81A3F037F003A4C3D /* Build configuration list for PBXNativeTarget "gestureprocessor" */ = {
			isa = XCConfigurationList;
			buildConfigurations = (
				7227C4D91A3F037F003A4C3D /* Debug */,
				7227C4DA1A3F037F003A4C3D /* Release */,
			);
			defaultConfigurationIsVisible = 0;
			defaultConfigurationName = Release;
		};
		723292C61A9623AA00850FEC /* Build configuration list for PBXAggregateTarget "Framework" */ = {
			isa = XCConfigurationList;
			buildConfigurations = (
				723292C71A9623AA00850FEC /* Debug */,
				723292C81A9623AA00850FEC /* Release */,
			);
			defaultConfigurationIsVisible = 0;
			defaultConfigurationName = Release;
		};
		725795CB1A4DA94E00D8572D /* Build configuration list for PBXNativeTarget "AppAnalytics" */ = {
			isa = XCConfigurationList;
			buildConfigurations = (
				725795CC1A4DA94E00D8572D /* Debug */,
				725795CD1A4DA94E00D8572D /* Release */,
			);
			defaultConfigurationIsVisible = 0;
			defaultConfigurationName = Release;
		};
		726C9A171A949569003D03AE /* Build configuration list for PBXNativeTarget "Ext" */ = {
			isa = XCConfigurationList;
			buildConfigurations = (
				726C9A181A949569003D03AE /* Debug */,
				726C9A191A949569003D03AE /* Release */,
			);
			defaultConfigurationIsVisible = 0;
			defaultConfigurationName = Release;
		};
		72942EC91A4DBA7100974C79 /* Build configuration list for PBXAggregateTarget "UniversalLib" */ = {
			isa = XCConfigurationList;
			buildConfigurations = (
				72942EC71A4DBA7100974C79 /* Debug */,
				72942EC81A4DBA7100974C79 /* Release */,
			);
			defaultConfigurationIsVisible = 0;
			defaultConfigurationName = Release;
		};
		72DC015C1A978013003F40BE /* Build configuration list for PBXNativeTarget "StaticAppAnalytics" */ = {
			isa = XCConfigurationList;
			buildConfigurations = (
				72DC015D1A978013003F40BE /* Debug */,
				72DC015E1A978013003F40BE /* Release */,
			);
			defaultConfigurationIsVisible = 0;
			defaultConfigurationName = Release;
		};
/* End XCConfigurationList section */
	};
	rootObject = 7227C4AD1A3F037F003A4C3D /* Project object */;
}
