// !$*UTF8*$!
{
	archiveVersion = 1;
	classes = {
	};
	objectVersion = 46;
	objects = {

/* Begin PBXBuildFile section */
		7227C4BB1A3F037F003A4C3D /* main.m in Sources */ = {isa = PBXBuildFile; fileRef = 7227C4BA1A3F037F003A4C3D /* main.m */; };
		7227C4BE1A3F037F003A4C3D /* AppDelegate.m in Sources */ = {isa = PBXBuildFile; fileRef = 7227C4BD1A3F037F003A4C3D /* AppDelegate.m */; };
		7227C4E61A3F060A003A4C3D /* LaunchScreen.xib in Resources */ = {isa = PBXBuildFile; fileRef = 7227C4E21A3F060A003A4C3D /* LaunchScreen.xib */; };
		7227C4EE1A3F0648003A4C3D /* Main.storyboard in Resources */ = {isa = PBXBuildFile; fileRef = 7227C4E91A3F0648003A4C3D /* Main.storyboard */; };
		7227C4EF1A3F0648003A4C3D /* ViewController.m in Sources */ = {isa = PBXBuildFile; fileRef = 7227C4EC1A3F0648003A4C3D /* ViewController.m */; };
		7227C4F11A3F06BC003A4C3D /* Images.xcassets in Resources */ = {isa = PBXBuildFile; fileRef = 7227C4F01A3F06BC003A4C3D /* Images.xcassets */; };
		7227C4FB1A3F14BE003A4C3D /* UIWindow+Tracking.m in Sources */ = {isa = PBXBuildFile; fileRef = 7227C4FA1A3F14BE003A4C3D /* UIWindow+Tracking.m */; };
		7227C5021A3F1A8C003A4C3D /* OpenUDID.m in Sources */ = {isa = PBXBuildFile; fileRef = 7227C5011A3F1A8C003A4C3D /* OpenUDID.m */; settings = {COMPILER_FLAGS = "-fno-objc-arc"; }; };
		7289A9661A44401300CF5CF6 /* GestureTracker.m in Sources */ = {isa = PBXBuildFile; fileRef = 7289A9651A44401300CF5CF6 /* GestureTracker.m */; };
		7289A96D1A44471E00CF5CF6 /* Logger.m in Sources */ = {isa = PBXBuildFile; fileRef = 7289A96C1A44471E00CF5CF6 /* Logger.m */; };
		7289A9711A44477800CF5CF6 /* GestureDetails.m in Sources */ = {isa = PBXBuildFile; fileRef = 7289A9701A44477800CF5CF6 /* GestureDetails.m */; };
		7289A9751A4462E200CF5CF6 /* UISwipeGestureRecognizer+DirectionString.m in Sources */ = {isa = PBXBuildFile; fileRef = 7289A9741A4462E200CF5CF6 /* UISwipeGestureRecognizer+DirectionString.m */; };
		7289A9791A4469BA00CF5CF6 /* ShakeDetails.m in Sources */ = {isa = PBXBuildFile; fileRef = 7289A9781A4469BA00CF5CF6 /* ShakeDetails.m */; };
		7289A97C1A447FEE00CF5CF6 /* UIResponder+Tracking.m in Sources */ = {isa = PBXBuildFile; fileRef = 7289A97B1A447FEE00CF5CF6 /* UIResponder+Tracking.m */; };
		72922EDB1A48155700CEC369 /* GestureTrackerHelpers.m in Sources */ = {isa = PBXBuildFile; fileRef = 72922EDA1A48155700CEC369 /* GestureTrackerHelpers.m */; };
		72922EFC1A48300400CEC369 /* NSObject+Swizzling.m in Sources */ = {isa = PBXBuildFile; fileRef = 72922EFB1A48300400CEC369 /* NSObject+Swizzling.m */; };
		72922EFF1A48339100CEC369 /* KeyboardWatcher.m in Sources */ = {isa = PBXBuildFile; fileRef = 72922EFE1A48339100CEC369 /* KeyboardWatcher.m */; };
		72922F021A483D7000CEC369 /* UIControl+Tracking.m in Sources */ = {isa = PBXBuildFile; fileRef = 72922F011A483D7000CEC369 /* UIControl+Tracking.m */; };
		72922F041A4849AA00CEC369 /* LogInfoProtocol.m in Sources */ = {isa = PBXBuildFile; fileRef = 72922F031A4849AA00CEC369 /* LogInfoProtocol.m */; };
		72922F071A48572C00CEC369 /* UISegmentedControl+Tracking.m in Sources */ = {isa = PBXBuildFile; fileRef = 72922F061A48572C00CEC369 /* UISegmentedControl+Tracking.m */; };
		72922F0C1A4861D500CEC369 /* GLKit.framework in Frameworks */ = {isa = PBXBuildFile; fileRef = 72922F0B1A4861D500CEC369 /* GLKit.framework */; };
		72922F0E1A4861D800CEC369 /* AdSupport.framework in Frameworks */ = {isa = PBXBuildFile; fileRef = 72922F0D1A4861D800CEC369 /* AdSupport.framework */; };
		72922F101A4861DD00CEC369 /* MapKit.framework in Frameworks */ = {isa = PBXBuildFile; fileRef = 72922F0F1A4861DD00CEC369 /* MapKit.framework */; };
		72922F131A48623300CEC369 /* iAd.framework in Frameworks */ = {isa = PBXBuildFile; fileRef = 72922F121A48623300CEC369 /* iAd.framework */; };
/* End PBXBuildFile section */

/* Begin PBXFileReference section */
		7227C4B51A3F037F003A4C3D /* gestureprocessor.app */ = {isa = PBXFileReference; explicitFileType = wrapper.application; includeInIndex = 0; path = gestureprocessor.app; sourceTree = BUILT_PRODUCTS_DIR; };
		7227C4B91A3F037F003A4C3D /* Info.plist */ = {isa = PBXFileReference; lastKnownFileType = text.plist.xml; path = Info.plist; sourceTree = "<group>"; };
		7227C4BA1A3F037F003A4C3D /* main.m */ = {isa = PBXFileReference; lastKnownFileType = sourcecode.c.objc; path = main.m; sourceTree = "<group>"; };
		7227C4BC1A3F037F003A4C3D /* AppDelegate.h */ = {isa = PBXFileReference; lastKnownFileType = sourcecode.c.h; path = AppDelegate.h; sourceTree = "<group>"; };
		7227C4BD1A3F037F003A4C3D /* AppDelegate.m */ = {isa = PBXFileReference; lastKnownFileType = sourcecode.c.objc; path = AppDelegate.m; sourceTree = "<group>"; };
		7227C4E21A3F060A003A4C3D /* LaunchScreen.xib */ = {isa = PBXFileReference; fileEncoding = 4; lastKnownFileType = file.xib; path = LaunchScreen.xib; sourceTree = "<group>"; };
		7227C4E91A3F0648003A4C3D /* Main.storyboard */ = {isa = PBXFileReference; fileEncoding = 4; lastKnownFileType = file.storyboard; path = Main.storyboard; sourceTree = "<group>"; };
		7227C4EB1A3F0648003A4C3D /* ViewController.h */ = {isa = PBXFileReference; fileEncoding = 4; lastKnownFileType = sourcecode.c.h; path = ViewController.h; sourceTree = "<group>"; };
		7227C4EC1A3F0648003A4C3D /* ViewController.m */ = {isa = PBXFileReference; fileEncoding = 4; lastKnownFileType = sourcecode.c.objc; path = ViewController.m; sourceTree = "<group>"; };
		7227C4F01A3F06BC003A4C3D /* Images.xcassets */ = {isa = PBXFileReference; lastKnownFileType = folder.assetcatalog; path = Images.xcassets; sourceTree = "<group>"; };
		7227C4F91A3F14BE003A4C3D /* UIWindow+Tracking.h */ = {isa = PBXFileReference; fileEncoding = 4; lastKnownFileType = sourcecode.c.h; path = "UIWindow+Tracking.h"; sourceTree = "<group>"; };
		7227C4FA1A3F14BE003A4C3D /* UIWindow+Tracking.m */ = {isa = PBXFileReference; fileEncoding = 4; lastKnownFileType = sourcecode.c.objc; path = "UIWindow+Tracking.m"; sourceTree = "<group>"; };
		7227C5001A3F1A8C003A4C3D /* OpenUDID.h */ = {isa = PBXFileReference; fileEncoding = 4; lastKnownFileType = sourcecode.c.h; path = OpenUDID.h; sourceTree = "<group>"; };
		7227C5011A3F1A8C003A4C3D /* OpenUDID.m */ = {isa = PBXFileReference; fileEncoding = 4; lastKnownFileType = sourcecode.c.objc; path = OpenUDID.m; sourceTree = "<group>"; };
		7289A9641A44401300CF5CF6 /* GestureTracker.h */ = {isa = PBXFileReference; fileEncoding = 4; lastKnownFileType = sourcecode.c.h; path = GestureTracker.h; sourceTree = "<group>"; };
		7289A9651A44401300CF5CF6 /* GestureTracker.m */ = {isa = PBXFileReference; fileEncoding = 4; lastKnownFileType = sourcecode.c.objc; path = GestureTracker.m; sourceTree = "<group>"; };
		7289A96A1A44432B00CF5CF6 /* GestureTrackerConfig.h */ = {isa = PBXFileReference; fileEncoding = 4; lastKnownFileType = sourcecode.c.h; path = GestureTrackerConfig.h; sourceTree = "<group>"; };
		7289A96B1A44471E00CF5CF6 /* Logger.h */ = {isa = PBXFileReference; fileEncoding = 4; lastKnownFileType = sourcecode.c.h; path = Logger.h; sourceTree = "<group>"; };
		7289A96C1A44471E00CF5CF6 /* Logger.m */ = {isa = PBXFileReference; fileEncoding = 4; lastKnownFileType = sourcecode.c.objc; path = Logger.m; sourceTree = "<group>"; };
		7289A96F1A44477800CF5CF6 /* GestureDetails.h */ = {isa = PBXFileReference; fileEncoding = 4; lastKnownFileType = sourcecode.c.h; path = GestureDetails.h; sourceTree = "<group>"; };
		7289A9701A44477800CF5CF6 /* GestureDetails.m */ = {isa = PBXFileReference; fileEncoding = 4; lastKnownFileType = sourcecode.c.objc; path = GestureDetails.m; sourceTree = "<group>"; };
		7289A9731A4462E200CF5CF6 /* UISwipeGestureRecognizer+DirectionString.h */ = {isa = PBXFileReference; fileEncoding = 4; lastKnownFileType = sourcecode.c.h; path = "UISwipeGestureRecognizer+DirectionString.h"; sourceTree = "<group>"; };
		7289A9741A4462E200CF5CF6 /* UISwipeGestureRecognizer+DirectionString.m */ = {isa = PBXFileReference; fileEncoding = 4; lastKnownFileType = sourcecode.c.objc; path = "UISwipeGestureRecognizer+DirectionString.m"; sourceTree = "<group>"; };
		7289A9761A4468AC00CF5CF6 /* LogInfoProtocol.h */ = {isa = PBXFileReference; lastKnownFileType = sourcecode.c.h; path = LogInfoProtocol.h; sourceTree = "<group>"; };
		7289A9771A4469BA00CF5CF6 /* ShakeDetails.h */ = {isa = PBXFileReference; fileEncoding = 4; lastKnownFileType = sourcecode.c.h; path = ShakeDetails.h; sourceTree = "<group>"; };
		7289A9781A4469BA00CF5CF6 /* ShakeDetails.m */ = {isa = PBXFileReference; fileEncoding = 4; lastKnownFileType = sourcecode.c.objc; path = ShakeDetails.m; sourceTree = "<group>"; };
		7289A97A1A447FEE00CF5CF6 /* UIResponder+Tracking.h */ = {isa = PBXFileReference; fileEncoding = 4; lastKnownFileType = sourcecode.c.h; path = "UIResponder+Tracking.h"; sourceTree = "<group>"; };
		7289A97B1A447FEE00CF5CF6 /* UIResponder+Tracking.m */ = {isa = PBXFileReference; fileEncoding = 4; lastKnownFileType = sourcecode.c.objc; path = "UIResponder+Tracking.m"; sourceTree = "<group>"; };
		72922ED91A48155700CEC369 /* GestureTrackerHelpers.h */ = {isa = PBXFileReference; fileEncoding = 4; lastKnownFileType = sourcecode.c.h; path = GestureTrackerHelpers.h; sourceTree = "<group>"; };
		72922EDA1A48155700CEC369 /* GestureTrackerHelpers.m */ = {isa = PBXFileReference; fileEncoding = 4; lastKnownFileType = sourcecode.c.objc; path = GestureTrackerHelpers.m; sourceTree = "<group>"; };
		72922EFA1A48300400CEC369 /* NSObject+Swizzling.h */ = {isa = PBXFileReference; fileEncoding = 4; lastKnownFileType = sourcecode.c.h; path = "NSObject+Swizzling.h"; sourceTree = "<group>"; };
		72922EFB1A48300400CEC369 /* NSObject+Swizzling.m */ = {isa = PBXFileReference; fileEncoding = 4; lastKnownFileType = sourcecode.c.objc; path = "NSObject+Swizzling.m"; sourceTree = "<group>"; };
		72922EFD1A48339100CEC369 /* KeyboardWatcher.h */ = {isa = PBXFileReference; fileEncoding = 4; lastKnownFileType = sourcecode.c.h; path = KeyboardWatcher.h; sourceTree = "<group>"; };
		72922EFE1A48339100CEC369 /* KeyboardWatcher.m */ = {isa = PBXFileReference; fileEncoding = 4; lastKnownFileType = sourcecode.c.objc; path = KeyboardWatcher.m; sourceTree = "<group>"; };
		72922F001A483D7000CEC369 /* UIControl+Tracking.h */ = {isa = PBXFileReference; fileEncoding = 4; lastKnownFileType = sourcecode.c.h; path = "UIControl+Tracking.h"; sourceTree = "<group>"; };
		72922F011A483D7000CEC369 /* UIControl+Tracking.m */ = {isa = PBXFileReference; fileEncoding = 4; lastKnownFileType = sourcecode.c.objc; path = "UIControl+Tracking.m"; sourceTree = "<group>"; };
		72922F031A4849AA00CEC369 /* LogInfoProtocol.m */ = {isa = PBXFileReference; fileEncoding = 4; lastKnownFileType = sourcecode.c.objc; path = LogInfoProtocol.m; sourceTree = "<group>"; };
		72922F051A48572C00CEC369 /* UISegmentedControl+Tracking.h */ = {isa = PBXFileReference; fileEncoding = 4; lastKnownFileType = sourcecode.c.h; path = "UISegmentedControl+Tracking.h"; sourceTree = "<group>"; };
		72922F061A48572C00CEC369 /* UISegmentedControl+Tracking.m */ = {isa = PBXFileReference; fileEncoding = 4; lastKnownFileType = sourcecode.c.objc; path = "UISegmentedControl+Tracking.m"; sourceTree = "<group>"; };
		72922F0B1A4861D500CEC369 /* GLKit.framework */ = {isa = PBXFileReference; lastKnownFileType = wrapper.framework; name = GLKit.framework; path = System/Library/Frameworks/GLKit.framework; sourceTree = SDKROOT; };
		72922F0D1A4861D800CEC369 /* AdSupport.framework */ = {isa = PBXFileReference; lastKnownFileType = wrapper.framework; name = AdSupport.framework; path = System/Library/Frameworks/AdSupport.framework; sourceTree = SDKROOT; };
		72922F0F1A4861DD00CEC369 /* MapKit.framework */ = {isa = PBXFileReference; lastKnownFileType = wrapper.framework; name = MapKit.framework; path = System/Library/Frameworks/MapKit.framework; sourceTree = SDKROOT; };
		72922F121A48623300CEC369 /* iAd.framework */ = {isa = PBXFileReference; lastKnownFileType = wrapper.framework; name = iAd.framework; path = System/Library/Frameworks/iAd.framework; sourceTree = SDKROOT; };
/* End PBXFileReference section */

/* Begin PBXFrameworksBuildPhase section */
		7227C4B21A3F037F003A4C3D /* Frameworks */ = {
			isa = PBXFrameworksBuildPhase;
			buildActionMask = 2147483647;
			files = (
				72922F131A48623300CEC369 /* iAd.framework in Frameworks */,
				72922F101A4861DD00CEC369 /* MapKit.framework in Frameworks */,
				72922F0E1A4861D800CEC369 /* AdSupport.framework in Frameworks */,
				72922F0C1A4861D500CEC369 /* GLKit.framework in Frameworks */,
			);
			runOnlyForDeploymentPostprocessing = 0;
		};
/* End PBXFrameworksBuildPhase section */

/* Begin PBXGroup section */
		7227C4AC1A3F037F003A4C3D = {
			isa = PBXGroup;
			children = (
				7227C4B71A3F037F003A4C3D /* gestureprocessor */,
				72922F111A4861E200CEC369 /* Frameworks */,
				7227C4B61A3F037F003A4C3D /* Products */,
			);
			sourceTree = "<group>";
		};
		7227C4B61A3F037F003A4C3D /* Products */ = {
			isa = PBXGroup;
			children = (
				7227C4B51A3F037F003A4C3D /* gestureprocessor.app */,
			);
			name = Products;
			sourceTree = "<group>";
		};
		7227C4B71A3F037F003A4C3D /* gestureprocessor */ = {
			isa = PBXGroup;
			children = (
				7227C4DF1A3F060A003A4C3D /* Libs */,
				7227C4F81A3F14B2003A4C3D /* Logic */,
				7227C4E11A3F060A003A4C3D /* UI */,
				7227C4BC1A3F037F003A4C3D /* AppDelegate.h */,
				7227C4BD1A3F037F003A4C3D /* AppDelegate.m */,
				7227C4DE1A3F03B9003A4C3D /* Resources */,
				7227C4B81A3F037F003A4C3D /* Supporting Files */,
			);
			path = gestureprocessor;
			sourceTree = "<group>";
		};
		7227C4B81A3F037F003A4C3D /* Supporting Files */ = {
			isa = PBXGroup;
			children = (
				7227C4B91A3F037F003A4C3D /* Info.plist */,
				7227C4BA1A3F037F003A4C3D /* main.m */,
			);
			name = "Supporting Files";
			sourceTree = "<group>";
		};
		7227C4DE1A3F03B9003A4C3D /* Resources */ = {
			isa = PBXGroup;
			children = (
				7227C4F01A3F06BC003A4C3D /* Images.xcassets */,
			);
			path = Resources;
			sourceTree = SOURCE_ROOT;
		};
		7227C4DF1A3F060A003A4C3D /* Libs */ = {
			isa = PBXGroup;
			children = (
				7227C4FF1A3F1A8C003A4C3D /* OpenUDID */,
			);
			path = Libs;
			sourceTree = "<group>";
		};
		7227C4E11A3F060A003A4C3D /* UI */ = {
			isa = PBXGroup;
			children = (
				7227C4EA1A3F0648003A4C3D /* View Controllers */,
				7227C4ED1A3F0648003A4C3D /* Views */,
				7227C4E91A3F0648003A4C3D /* Main.storyboard */,
				7227C4E21A3F060A003A4C3D /* LaunchScreen.xib */,
			);
			path = UI;
			sourceTree = "<group>";
		};
		7227C4EA1A3F0648003A4C3D /* View Controllers */ = {
			isa = PBXGroup;
			children = (
				7227C4EB1A3F0648003A4C3D /* ViewController.h */,
				7227C4EC1A3F0648003A4C3D /* ViewController.m */,
			);
			path = "View Controllers";
			sourceTree = "<group>";
		};
		7227C4ED1A3F0648003A4C3D /* Views */ = {
			isa = PBXGroup;
			children = (
			);
			path = Views;
			sourceTree = "<group>";
		};
		7227C4F81A3F14B2003A4C3D /* Logic */ = {
			isa = PBXGroup;
			children = (
				7289A96E1A44475900CF5CF6 /* Categories */,
				7289A9721A44477D00CF5CF6 /* Data Types */,
				7289A96A1A44432B00CF5CF6 /* GestureTrackerConfig.h */,
				7289A9641A44401300CF5CF6 /* GestureTracker.h */,
				7289A9651A44401300CF5CF6 /* GestureTracker.m */,
				7289A96B1A44471E00CF5CF6 /* Logger.h */,
				7289A96C1A44471E00CF5CF6 /* Logger.m */,
				72922ED91A48155700CEC369 /* GestureTrackerHelpers.h */,
				72922EDA1A48155700CEC369 /* GestureTrackerHelpers.m */,
				72922EFD1A48339100CEC369 /* KeyboardWatcher.h */,
				72922EFE1A48339100CEC369 /* KeyboardWatcher.m */,
			);
			path = Logic;
			sourceTree = "<group>";
		};
		7227C4FF1A3F1A8C003A4C3D /* OpenUDID */ = {
			isa = PBXGroup;
			children = (
				7227C5001A3F1A8C003A4C3D /* OpenUDID.h */,
				7227C5011A3F1A8C003A4C3D /* OpenUDID.m */,
			);
			path = OpenUDID;
			sourceTree = "<group>";
		};
		7289A96E1A44475900CF5CF6 /* Categories */ = {
			isa = PBXGroup;
			children = (
				72922EFA1A48300400CEC369 /* NSObject+Swizzling.h */,
				72922EFB1A48300400CEC369 /* NSObject+Swizzling.m */,
				7227C4F91A3F14BE003A4C3D /* UIWindow+Tracking.h */,
				7227C4FA1A3F14BE003A4C3D /* UIWindow+Tracking.m */,
				72922F001A483D7000CEC369 /* UIControl+Tracking.h */,
				72922F011A483D7000CEC369 /* UIControl+Tracking.m */,
				7289A97A1A447FEE00CF5CF6 /* UIResponder+Tracking.h */,
				7289A97B1A447FEE00CF5CF6 /* UIResponder+Tracking.m */,
				72922F051A48572C00CEC369 /* UISegmentedControl+Tracking.h */,
				72922F061A48572C00CEC369 /* UISegmentedControl+Tracking.m */,
				7289A9731A4462E200CF5CF6 /* UISwipeGestureRecognizer+DirectionString.h */,
				7289A9741A4462E200CF5CF6 /* UISwipeGestureRecognizer+DirectionString.m */,
			);
			name = Categories;
			sourceTree = "<group>";
		};
		7289A9721A44477D00CF5CF6 /* Data Types */ = {
			isa = PBXGroup;
			children = (
				7289A9761A4468AC00CF5CF6 /* LogInfoProtocol.h */,
				72922F031A4849AA00CEC369 /* LogInfoProtocol.m */,
				7289A96F1A44477800CF5CF6 /* GestureDetails.h */,
				7289A9701A44477800CF5CF6 /* GestureDetails.m */,
				7289A9771A4469BA00CF5CF6 /* ShakeDetails.h */,
				7289A9781A4469BA00CF5CF6 /* ShakeDetails.m */,
			);
			name = "Data Types";
			sourceTree = "<group>";
		};
		72922F111A4861E200CEC369 /* Frameworks */ = {
			isa = PBXGroup;
			children = (
				72922F121A48623300CEC369 /* iAd.framework */,
				72922F0F1A4861DD00CEC369 /* MapKit.framework */,
				72922F0D1A4861D800CEC369 /* AdSupport.framework */,
				72922F0B1A4861D500CEC369 /* GLKit.framework */,
			);
			name = Frameworks;
			sourceTree = "<group>";
		};
/* End PBXGroup section */

/* Begin PBXNativeTarget section */
		7227C4B41A3F037F003A4C3D /* gestureprocessor */ = {
			isa = PBXNativeTarget;
			buildConfigurationList = 7227C4D81A3F037F003A4C3D /* Build configuration list for PBXNativeTarget "gestureprocessor" */;
			buildPhases = (
				7227C4B11A3F037F003A4C3D /* Sources */,
				7227C4B21A3F037F003A4C3D /* Frameworks */,
				7227C4B31A3F037F003A4C3D /* Resources */,
			);
			buildRules = (
			);
			dependencies = (
			);
			name = gestureprocessor;
			productName = gestureprocessor;
			productReference = 7227C4B51A3F037F003A4C3D /* gestureprocessor.app */;
			productType = "com.apple.product-type.application";
		};
/* End PBXNativeTarget section */

/* Begin PBXProject section */
		7227C4AD1A3F037F003A4C3D /* Project object */ = {
			isa = PBXProject;
			attributes = {
				LastUpgradeCheck = 0610;
				ORGANIZATIONNAME = "Vadim Bulavin";
				TargetAttributes = {
					7227C4B41A3F037F003A4C3D = {
						CreatedOnToolsVersion = 6.1.1;
					};
				};
			};
			buildConfigurationList = 7227C4B01A3F037F003A4C3D /* Build configuration list for PBXProject "gestureprocessor" */;
			compatibilityVersion = "Xcode 3.2";
			developmentRegion = English;
			hasScannedForEncodings = 0;
			knownRegions = (
				en,
				Base,
			);
			mainGroup = 7227C4AC1A3F037F003A4C3D;
			productRefGroup = 7227C4B61A3F037F003A4C3D /* Products */;
			projectDirPath = "";
			projectRoot = "";
			targets = (
				7227C4B41A3F037F003A4C3D /* gestureprocessor */,
			);
		};
/* End PBXProject section */

/* Begin PBXResourcesBuildPhase section */
		7227C4B31A3F037F003A4C3D /* Resources */ = {
			isa = PBXResourcesBuildPhase;
			buildActionMask = 2147483647;
			files = (
				7227C4F11A3F06BC003A4C3D /* Images.xcassets in Resources */,
				7227C4EE1A3F0648003A4C3D /* Main.storyboard in Resources */,
				7227C4E61A3F060A003A4C3D /* LaunchScreen.xib in Resources */,
			);
			runOnlyForDeploymentPostprocessing = 0;
		};
/* End PBXResourcesBuildPhase section */

/* Begin PBXSourcesBuildPhase section */
		7227C4B11A3F037F003A4C3D /* Sources */ = {
			isa = PBXSourcesBuildPhase;
			buildActionMask = 2147483647;
			files = (
				7289A9711A44477800CF5CF6 /* GestureDetails.m in Sources */,
				7227C4EF1A3F0648003A4C3D /* ViewController.m in Sources */,
				7227C4BE1A3F037F003A4C3D /* AppDelegate.m in Sources */,
				72922EFC1A48300400CEC369 /* NSObject+Swizzling.m in Sources */,
				7227C5021A3F1A8C003A4C3D /* OpenUDID.m in Sources */,
				72922F071A48572C00CEC369 /* UISegmentedControl+Tracking.m in Sources */,
				72922F021A483D7000CEC369 /* UIControl+Tracking.m in Sources */,
				72922EFF1A48339100CEC369 /* KeyboardWatcher.m in Sources */,
				7227C4FB1A3F14BE003A4C3D /* UIWindow+Tracking.m in Sources */,
				7289A9751A4462E200CF5CF6 /* UISwipeGestureRecognizer+DirectionString.m in Sources */,
				7289A9661A44401300CF5CF6 /* GestureTracker.m in Sources */,
				7289A96D1A44471E00CF5CF6 /* Logger.m in Sources */,
				72922EDB1A48155700CEC369 /* GestureTrackerHelpers.m in Sources */,
				72922F041A4849AA00CEC369 /* LogInfoProtocol.m in Sources */,
				7289A97C1A447FEE00CF5CF6 /* UIResponder+Tracking.m in Sources */,
				7227C4BB1A3F037F003A4C3D /* main.m in Sources */,
				7289A9791A4469BA00CF5CF6 /* ShakeDetails.m in Sources */,
			);
			runOnlyForDeploymentPostprocessing = 0;
		};
/* End PBXSourcesBuildPhase section */

/* Begin XCBuildConfiguration section */
		7227C4D61A3F037F003A4C3D /* Debug */ = {
			isa = XCBuildConfiguration;
			buildSettings = {
				ALWAYS_SEARCH_USER_PATHS = NO;
				CLANG_CXX_LANGUAGE_STANDARD = "gnu++0x";
				CLANG_CXX_LIBRARY = "libc++";
				CLANG_ENABLE_MODULES = YES;
				CLANG_ENABLE_OBJC_ARC = YES;
				CLANG_WARN_BOOL_CONVERSION = YES;
				CLANG_WARN_CONSTANT_CONVERSION = YES;
				CLANG_WARN_DIRECT_OBJC_ISA_USAGE = YES_ERROR;
				CLANG_WARN_EMPTY_BODY = YES;
				CLANG_WARN_ENUM_CONVERSION = YES;
				CLANG_WARN_INT_CONVERSION = YES;
				CLANG_WARN_OBJC_ROOT_CLASS = YES_ERROR;
				CLANG_WARN_UNREACHABLE_CODE = YES;
				CLANG_WARN__DUPLICATE_METHOD_MATCH = YES;
				"CODE_SIGN_IDENTITY[sdk=iphoneos*]" = "iPhone Developer";
				COPY_PHASE_STRIP = NO;
				ENABLE_STRICT_OBJC_MSGSEND = YES;
				GCC_C_LANGUAGE_STANDARD = gnu99;
				GCC_DYNAMIC_NO_PIC = NO;
				GCC_OPTIMIZATION_LEVEL = 0;
				GCC_PREPROCESSOR_DEFINITIONS = (
					"DEBUG=1",
					"$(inherited)",
				);
				GCC_SYMBOLS_PRIVATE_EXTERN = NO;
				GCC_WARN_64_TO_32_BIT_CONVERSION = YES;
				GCC_WARN_ABOUT_RETURN_TYPE = YES_ERROR;
				GCC_WARN_UNDECLARED_SELECTOR = YES;
				GCC_WARN_UNINITIALIZED_AUTOS = YES_AGGRESSIVE;
				GCC_WARN_UNUSED_FUNCTION = YES;
				GCC_WARN_UNUSED_VARIABLE = YES;
				IPHONEOS_DEPLOYMENT_TARGET = 7.1;
				MTL_ENABLE_DEBUG_INFO = YES;
				ONLY_ACTIVE_ARCH = YES;
				SDKROOT = iphoneos;
				TARGETED_DEVICE_FAMILY = "1,2";
			};
			name = Debug;
		};
		7227C4D71A3F037F003A4C3D /* Release */ = {
			isa = XCBuildConfiguration;
			buildSettings = {
				ALWAYS_SEARCH_USER_PATHS = NO;
				CLANG_CXX_LANGUAGE_STANDARD = "gnu++0x";
				CLANG_CXX_LIBRARY = "libc++";
				CLANG_ENABLE_MODULES = YES;
				CLANG_ENABLE_OBJC_ARC = YES;
				CLANG_WARN_BOOL_CONVERSION = YES;
				CLANG_WARN_CONSTANT_CONVERSION = YES;
				CLANG_WARN_DIRECT_OBJC_ISA_USAGE = YES_ERROR;
				CLANG_WARN_EMPTY_BODY = YES;
				CLANG_WARN_ENUM_CONVERSION = YES;
				CLANG_WARN_INT_CONVERSION = YES;
				CLANG_WARN_OBJC_ROOT_CLASS = YES_ERROR;
				CLANG_WARN_UNREACHABLE_CODE = YES;
				CLANG_WARN__DUPLICATE_METHOD_MATCH = YES;
				"CODE_SIGN_IDENTITY[sdk=iphoneos*]" = "iPhone Developer";
				COPY_PHASE_STRIP = YES;
				ENABLE_NS_ASSERTIONS = NO;
				ENABLE_STRICT_OBJC_MSGSEND = YES;
				GCC_C_LANGUAGE_STANDARD = gnu99;
				GCC_WARN_64_TO_32_BIT_CONVERSION = YES;
				GCC_WARN_ABOUT_RETURN_TYPE = YES_ERROR;
				GCC_WARN_UNDECLARED_SELECTOR = YES;
				GCC_WARN_UNINITIALIZED_AUTOS = YES_AGGRESSIVE;
				GCC_WARN_UNUSED_FUNCTION = YES;
				GCC_WARN_UNUSED_VARIABLE = YES;
				IPHONEOS_DEPLOYMENT_TARGET = 7.1;
				MTL_ENABLE_DEBUG_INFO = NO;
				SDKROOT = iphoneos;
				TARGETED_DEVICE_FAMILY = "1,2";
				VALIDATE_PRODUCT = YES;
			};
			name = Release;
		};
		7227C4D91A3F037F003A4C3D /* Debug */ = {
			isa = XCBuildConfiguration;
			buildSettings = {
				ASSETCATALOG_COMPILER_APPICON_NAME = AppIcon;
				CODE_SIGN_IDENTITY = "iPhone Developer";
				INFOPLIST_FILE = gestureprocessor/Info.plist;
				LD_RUNPATH_SEARCH_PATHS = "$(inherited) @executable_path/Frameworks";
				PRODUCT_NAME = "$(TARGET_NAME)";
			};
			name = Debug;
		};
		7227C4DA1A3F037F003A4C3D /* Release */ = {
			isa = XCBuildConfiguration;
			buildSettings = {
				ASSETCATALOG_COMPILER_APPICON_NAME = AppIcon;
				CODE_SIGN_IDENTITY = "iPhone Developer";
				INFOPLIST_FILE = gestureprocessor/Info.plist;
				LD_RUNPATH_SEARCH_PATHS = "$(inherited) @executable_path/Frameworks";
				PRODUCT_NAME = "$(TARGET_NAME)";
			};
			name = Release;
		};
/* End XCBuildConfiguration section */

/* Begin XCConfigurationList section */
		7227C4B01A3F037F003A4C3D /* Build configuration list for PBXProject "gestureprocessor" */ = {
			isa = XCConfigurationList;
			buildConfigurations = (
				7227C4D61A3F037F003A4C3D /* Debug */,
				7227C4D71A3F037F003A4C3D /* Release */,
			);
			defaultConfigurationIsVisible = 0;
			defaultConfigurationName = Release;
		};
		7227C4D81A3F037F003A4C3D /* Build configuration list for PBXNativeTarget "gestureprocessor" */ = {
			isa = XCConfigurationList;
			buildConfigurations = (
				7227C4D91A3F037F003A4C3D /* Debug */,
				7227C4DA1A3F037F003A4C3D /* Release */,
			);
			defaultConfigurationIsVisible = 0;
			defaultConfigurationName = Release;
		};
/* End XCConfigurationList section */
	};
	rootObject = 7227C4AD1A3F037F003A4C3D /* Project object */;
}
